// !$*UTF8*$!
{
	archiveVersion = 1;
	classes = {
	};
	objectVersion = 50;
	objects = {

/* Begin PBXBuildFile section */
		6AF8F12294DF34F0D77C096B /* Pods_twidere.framework in Frameworks */ = {isa = PBXBuildFile; fileRef = 644AF7DD7719663A36AAD8A9 /* Pods_twidere.framework */; };
		7E11A2B8215203AA00F2AFDC /* SettingsReducer.swift in Sources */ = {isa = PBXBuildFile; fileRef = 7E11A2B7215203AA00F2AFDC /* SettingsReducer.swift */; };
		7E11A3082152201000F2AFDC /* SwiftTheme.framework in Frameworks */ = {isa = PBXBuildFile; fileRef = 7E11A3032152194C00F2AFDC /* SwiftTheme.framework */; };
		7E11A30D2152222500F2AFDC /* AppTheme.swift in Sources */ = {isa = PBXBuildFile; fileRef = 7E11A30C2152222500F2AFDC /* AppTheme.swift */; };
		7E11A30F2152224F00F2AFDC /* ThemeCell.swift in Sources */ = {isa = PBXBuildFile; fileRef = 7E11A30E2152224F00F2AFDC /* ThemeCell.swift */; };
		7E11A3112152226A00F2AFDC /* ThemeViewController.swift in Sources */ = {isa = PBXBuildFile; fileRef = 7E11A3102152226A00F2AFDC /* ThemeViewController.swift */; };
		7E11A32D2152240500F2AFDC /* IconFont.framework in Frameworks */ = {isa = PBXBuildFile; fileRef = 7E11A32C215222F100F2AFDC /* IconFont.framework */; };
		7E7773E02150FA220081BCB2 /* OthersViewController.swift in Sources */ = {isa = PBXBuildFile; fileRef = 7E7773DF2150FA220081BCB2 /* OthersViewController.swift */; };
		7E7773E2215114040081BCB2 /* Language+Ext.swift in Sources */ = {isa = PBXBuildFile; fileRef = 7E7773E1215114040081BCB2 /* Language+Ext.swift */; };
		7E86CEA221378ECC006F1440 /* Enum+Ext.swift in Sources */ = {isa = PBXBuildFile; fileRef = 7E86CEA121378ECC006F1440 /* Enum+Ext.swift */; };
		7E934DAA214B956300FBE203 /* State.swift in Sources */ = {isa = PBXBuildFile; fileRef = 7E934DA9214B956300FBE203 /* State.swift */; };
		7E934DAC214BA4BA00FBE203 /* UINavigationController+Ext.swift in Sources */ = {isa = PBXBuildFile; fileRef = 7E934DAB214BA4BA00FBE203 /* UINavigationController+Ext.swift */; };
		7E934DAE214BA5E700FBE203 /* Routes.swift in Sources */ = {isa = PBXBuildFile; fileRef = 7E934DAD214BA5E700FBE203 /* Routes.swift */; };
		7EA94BFB2133C79400C6E8D9 /* FontNameViewController.swift in Sources */ = {isa = PBXBuildFile; fileRef = 7EA94BFA2133C79400C6E8D9 /* FontNameViewController.swift */; };
		7EB1DDB72133AEDE0016F370 /* GMStepper.swift in Sources */ = {isa = PBXBuildFile; fileRef = 7EB1DDB62133AEDE0016F370 /* GMStepper.swift */; };
		7EBCF42D21256BDC002B96ED /* AppDelegate.swift in Sources */ = {isa = PBXBuildFile; fileRef = 7EBCF42C21256BDC002B96ED /* AppDelegate.swift */; };
		7EBCF43421256BDE002B96ED /* Assets.xcassets in Resources */ = {isa = PBXBuildFile; fileRef = 7EBCF43321256BDE002B96ED /* Assets.xcassets */; };
		7EBCF43721256BDE002B96ED /* LaunchScreen.storyboard in Resources */ = {isa = PBXBuildFile; fileRef = 7EBCF43521256BDE002B96ED /* LaunchScreen.storyboard */; };
		7EBCF45C212571B3002B96ED /* SettingsTabViewController.swift in Sources */ = {isa = PBXBuildFile; fileRef = 7EBCF45B212571B3002B96ED /* SettingsTabViewController.swift */; };
		7EBCF46421266E1D002B96ED /* UITableView+Ext.swift in Sources */ = {isa = PBXBuildFile; fileRef = 7EBCF46321266E1D002B96ED /* UITableView+Ext.swift */; };
		7EBCF4662126725B002B96ED /* SwitchMenuCell.swift in Sources */ = {isa = PBXBuildFile; fileRef = 7EBCF4652126725B002B96ED /* SwitchMenuCell.swift */; };
		7ECD4251212694D600C2CDFA /* IconFont+Ext.swift in Sources */ = {isa = PBXBuildFile; fileRef = 7ECD4250212694D600C2CDFA /* IconFont+Ext.swift */; };
		7ECD425A2127D8F600C2CDFA /* TabItemsProvider.swift in Sources */ = {isa = PBXBuildFile; fileRef = 7ECD42592127D8F600C2CDFA /* TabItemsProvider.swift */; };
		7ECD425F2127D9C400C2CDFA /* Dimension.swift in Sources */ = {isa = PBXBuildFile; fileRef = 7ECD425E2127D9C400C2CDFA /* Dimension.swift */; };
		7ECD42632127E37000C2CDFA /* Color+Ext.swift in Sources */ = {isa = PBXBuildFile; fileRef = 7ECD42622127E37000C2CDFA /* Color+Ext.swift */; };
		7ECD42732129D0DE00C2CDFA /* SnapchatCheckbox.swift in Sources */ = {isa = PBXBuildFile; fileRef = 7ECD42722129D0DE00C2CDFA /* SnapchatCheckbox.swift */; };
		7ECD427E212AB6A400C2CDFA /* Classic.plist in Resources */ = {isa = PBXBuildFile; fileRef = 7ECD427D212AB6A400C2CDFA /* Classic.plist */; };
		7ECD4280212ABCBE00C2CDFA /* PinkPower.plist in Resources */ = {isa = PBXBuildFile; fileRef = 7ECD427F212ABCBE00C2CDFA /* PinkPower.plist */; };
		7ECD4286212BF1AF00C2CDFA /* DisplayViewController.swift in Sources */ = {isa = PBXBuildFile; fileRef = 7ECD4285212BF1AF00C2CDFA /* DisplayViewController.swift */; };
		7ECD4288212BF39D00C2CDFA /* StaticFeedCell.swift in Sources */ = {isa = PBXBuildFile; fileRef = 7ECD4287212BF39D00C2CDFA /* StaticFeedCell.swift */; };
		7ECD428A212BF45200C2CDFA /* FontSizeCell.swift in Sources */ = {isa = PBXBuildFile; fileRef = 7ECD4289212BF45200C2CDFA /* FontSizeCell.swift */; };
		7ECD428E212C244000C2CDFA /* ScreenNameLabel.swift in Sources */ = {isa = PBXBuildFile; fileRef = 7ECD428D212C244000C2CDFA /* ScreenNameLabel.swift */; };
		7ECD4292212C609400C2CDFA /* AvatarImageView.swift in Sources */ = {isa = PBXBuildFile; fileRef = 7ECD4291212C609400C2CDFA /* AvatarImageView.swift */; };
		7ECD4294212C60F000C2CDFA /* IdLabel.swift in Sources */ = {isa = PBXBuildFile; fileRef = 7ECD4293212C60F000C2CDFA /* IdLabel.swift */; };
		7ECD4296212C611700C2CDFA /* ContentTextView.swift in Sources */ = {isa = PBXBuildFile; fileRef = 7ECD4295212C611700C2CDFA /* ContentTextView.swift */; };
		7ECD429B212DC34700C2CDFA /* ScaledFont.swift in Sources */ = {isa = PBXBuildFile; fileRef = 7ECD429A212DC34700C2CDFA /* ScaledFont.swift */; };
		7ECD429E212DCB8600C2CDFA /* SourceCell.swift in Sources */ = {isa = PBXBuildFile; fileRef = 7ECD429D212DCB8600C2CDFA /* SourceCell.swift */; };
		7ECD42A7212E987E00C2CDFA /* SettingsNavViewController.swift in Sources */ = {isa = PBXBuildFile; fileRef = 7ECD42A6212E987E00C2CDFA /* SettingsNavViewController.swift */; };
		7ECD42B1212FE04700C2CDFA /* SourceViewController.swift in Sources */ = {isa = PBXBuildFile; fileRef = 7ECD42B0212FE04700C2CDFA /* SourceViewController.swift */; };
		7ECD42B3212FE2DF00C2CDFA /* EditSourceController.swift in Sources */ = {isa = PBXBuildFile; fileRef = 7ECD42B2212FE2DF00C2CDFA /* EditSourceController.swift */; };
		7ECD42B72130179900C2CDFA /* SourceEdit+Ext.swift in Sources */ = {isa = PBXBuildFile; fileRef = 7ECD42B62130179900C2CDFA /* SourceEdit+Ext.swift */; };
		7ECD42B921301E9000C2CDFA /* Noteworthy.plist in Resources */ = {isa = PBXBuildFile; fileRef = 7ECD42B821301E9000C2CDFA /* Noteworthy.plist */; };
		7ECD42BC2130217200C2CDFA /* Font+Ext.swift in Sources */ = {isa = PBXBuildFile; fileRef = 7ECD42BB2130217200C2CDFA /* Font+Ext.swift */; };
		7ED0D239213FA70F008C9993 /* SelectedFontCell.swift in Sources */ = {isa = PBXBuildFile; fileRef = 7ED0D238213FA70F008C9993 /* SelectedFontCell.swift */; };
		7ED0D23B213FB3C0008C9993 /* Source.swift in Sources */ = {isa = PBXBuildFile; fileRef = 7ED0D23A213FB3C0008C9993 /* Source.swift */; };
		7ED0D23D2142296B008C9993 /* NewPopMenu+Ext.swift in Sources */ = {isa = PBXBuildFile; fileRef = 7ED0D23C2142296B008C9993 /* NewPopMenu+Ext.swift */; };
		7ED0D24321426CA5008C9993 /* TextFieldEffects.swift in Sources */ = {isa = PBXBuildFile; fileRef = 7ED0D24221426CA5008C9993 /* TextFieldEffects.swift */; };
		7ED0D24521426CCA008C9993 /* KaedeTextField.swift in Sources */ = {isa = PBXBuildFile; fileRef = 7ED0D24421426CCA008C9993 /* KaedeTextField.swift */; };
		7ED0D24B21429184008C9993 /* String+Ext.swift in Sources */ = {isa = PBXBuildFile; fileRef = 7ED0D24A21429184008C9993 /* String+Ext.swift */; };
		7ED2DBA221479A2700164B20 /* Settings.strings in Resources */ = {isa = PBXBuildFile; fileRef = 7ED2DBA021479A2600164B20 /* Settings.strings */; };
		7ED2DBB1214A362200164B20 /* SettingsState.swift in Sources */ = {isa = PBXBuildFile; fileRef = 7ED2DBB0214A362200164B20 /* SettingsState.swift */; };
		7EFCA69C2134669C00DE22AD /* SwiftyPlistManager.swift in Sources */ = {isa = PBXBuildFile; fileRef = 7EFCA69B2134669C00DE22AD /* SwiftyPlistManager.swift */; };
		7EFCA6A721352F3800DE22AD /* AppReducer.swift in Sources */ = {isa = PBXBuildFile; fileRef = 7EFCA6A621352F3800DE22AD /* AppReducer.swift */; };
/* End PBXBuildFile section */

/* Begin PBXContainerItemProxy section */
		7E11A3022152194C00F2AFDC /* PBXContainerItemProxy */ = {
			isa = PBXContainerItemProxy;
			containerPortal = 7E11A2FE2152194B00F2AFDC /* SwiftTheme.xcodeproj */;
			proxyType = 2;
			remoteGlobalIDString = 7E11A2F32152194B00F2AFDC;
			remoteInfo = SwiftTheme;
		};
		7E11A32B215222F100F2AFDC /* PBXContainerItemProxy */ = {
			isa = PBXContainerItemProxy;
			containerPortal = 7E11A327215222F100F2AFDC /* IconFont.xcodeproj */;
			proxyType = 2;
			remoteGlobalIDString = 7E11A31C215222F000F2AFDC;
			remoteInfo = IconFont;
		};
		7EBCF43E21256BDE002B96ED /* PBXContainerItemProxy */ = {
			isa = PBXContainerItemProxy;
			containerPortal = 7EBCF42121256BDC002B96ED /* Project object */;
			proxyType = 1;
			remoteGlobalIDString = 7EBCF42821256BDC002B96ED;
			remoteInfo = twidere;
		};
		7EBCF44921256BDE002B96ED /* PBXContainerItemProxy */ = {
			isa = PBXContainerItemProxy;
			containerPortal = 7EBCF42121256BDC002B96ED /* Project object */;
			proxyType = 1;
			remoteGlobalIDString = 7EBCF42821256BDC002B96ED;
			remoteInfo = twidere;
		};
/* End PBXContainerItemProxy section */

/* Begin PBXFileReference section */
		359D91D27CE74F1F59540E36 /* Pods-twidere.debug.xcconfig */ = {isa = PBXFileReference; includeInIndex = 1; lastKnownFileType = text.xcconfig; name = "Pods-twidere.debug.xcconfig"; path = "Target Support Files/Pods-twidere/Pods-twidere.debug.xcconfig"; sourceTree = "<group>"; };
		644AF7DD7719663A36AAD8A9 /* Pods_twidere.framework */ = {isa = PBXFileReference; explicitFileType = wrapper.framework; includeInIndex = 0; path = Pods_twidere.framework; sourceTree = BUILT_PRODUCTS_DIR; };
		7E11A2B7215203AA00F2AFDC /* SettingsReducer.swift */ = {isa = PBXFileReference; lastKnownFileType = sourcecode.swift; path = SettingsReducer.swift; sourceTree = "<group>"; };
		7E11A2FE2152194B00F2AFDC /* SwiftTheme.xcodeproj */ = {isa = PBXFileReference; lastKnownFileType = "wrapper.pb-project"; name = SwiftTheme.xcodeproj; path = SwiftTheme/SwiftTheme.xcodeproj; sourceTree = "<group>"; };
		7E11A30C2152222500F2AFDC /* AppTheme.swift */ = {isa = PBXFileReference; lastKnownFileType = sourcecode.swift; path = AppTheme.swift; sourceTree = "<group>"; };
		7E11A30E2152224F00F2AFDC /* ThemeCell.swift */ = {isa = PBXFileReference; lastKnownFileType = sourcecode.swift; path = ThemeCell.swift; sourceTree = "<group>"; };
		7E11A3102152226A00F2AFDC /* ThemeViewController.swift */ = {isa = PBXFileReference; lastKnownFileType = sourcecode.swift; path = ThemeViewController.swift; sourceTree = "<group>"; };
		7E11A327215222F100F2AFDC /* IconFont.xcodeproj */ = {isa = PBXFileReference; lastKnownFileType = "wrapper.pb-project"; name = IconFont.xcodeproj; path = IconFont/IconFont.xcodeproj; sourceTree = "<group>"; };
		7E7773DF2150FA220081BCB2 /* OthersViewController.swift */ = {isa = PBXFileReference; lastKnownFileType = sourcecode.swift; path = OthersViewController.swift; sourceTree = "<group>"; };
		7E7773E1215114040081BCB2 /* Language+Ext.swift */ = {isa = PBXFileReference; lastKnownFileType = sourcecode.swift; path = "Language+Ext.swift"; sourceTree = "<group>"; };
		7E86CEA121378ECC006F1440 /* Enum+Ext.swift */ = {isa = PBXFileReference; lastKnownFileType = sourcecode.swift; path = "Enum+Ext.swift"; sourceTree = "<group>"; };
		7E934DA9214B956300FBE203 /* State.swift */ = {isa = PBXFileReference; lastKnownFileType = sourcecode.swift; path = State.swift; sourceTree = "<group>"; };
		7E934DAB214BA4BA00FBE203 /* UINavigationController+Ext.swift */ = {isa = PBXFileReference; lastKnownFileType = sourcecode.swift; path = "UINavigationController+Ext.swift"; sourceTree = "<group>"; };
		7E934DAD214BA5E700FBE203 /* Routes.swift */ = {isa = PBXFileReference; lastKnownFileType = sourcecode.swift; path = Routes.swift; sourceTree = "<group>"; };
		7EA94BFA2133C79400C6E8D9 /* FontNameViewController.swift */ = {isa = PBXFileReference; lastKnownFileType = sourcecode.swift; path = FontNameViewController.swift; sourceTree = "<group>"; };
		7EB1DDB62133AEDE0016F370 /* GMStepper.swift */ = {isa = PBXFileReference; lastKnownFileType = sourcecode.swift; path = GMStepper.swift; sourceTree = "<group>"; };
		7EBCF42921256BDC002B96ED /* twidere.app */ = {isa = PBXFileReference; explicitFileType = wrapper.application; includeInIndex = 0; path = twidere.app; sourceTree = BUILT_PRODUCTS_DIR; };
		7EBCF42C21256BDC002B96ED /* AppDelegate.swift */ = {isa = PBXFileReference; lastKnownFileType = sourcecode.swift; path = AppDelegate.swift; sourceTree = "<group>"; };
		7EBCF43321256BDE002B96ED /* Assets.xcassets */ = {isa = PBXFileReference; lastKnownFileType = folder.assetcatalog; path = Assets.xcassets; sourceTree = "<group>"; };
		7EBCF43621256BDE002B96ED /* Base */ = {isa = PBXFileReference; lastKnownFileType = file.storyboard; name = Base; path = Base.lproj/LaunchScreen.storyboard; sourceTree = "<group>"; };
		7EBCF43821256BDE002B96ED /* Info.plist */ = {isa = PBXFileReference; lastKnownFileType = text.plist.xml; path = Info.plist; sourceTree = "<group>"; };
		7EBCF43D21256BDE002B96ED /* twidereTests.xctest */ = {isa = PBXFileReference; explicitFileType = wrapper.cfbundle; includeInIndex = 0; path = twidereTests.xctest; sourceTree = BUILT_PRODUCTS_DIR; };
		7EBCF44821256BDE002B96ED /* twidereUITests.xctest */ = {isa = PBXFileReference; explicitFileType = wrapper.cfbundle; includeInIndex = 0; path = twidereUITests.xctest; sourceTree = BUILT_PRODUCTS_DIR; };
		7EBCF45B212571B3002B96ED /* SettingsTabViewController.swift */ = {isa = PBXFileReference; lastKnownFileType = sourcecode.swift; path = SettingsTabViewController.swift; sourceTree = "<group>"; };
		7EBCF46321266E1D002B96ED /* UITableView+Ext.swift */ = {isa = PBXFileReference; lastKnownFileType = sourcecode.swift; path = "UITableView+Ext.swift"; sourceTree = "<group>"; };
		7EBCF4652126725B002B96ED /* SwitchMenuCell.swift */ = {isa = PBXFileReference; lastKnownFileType = sourcecode.swift; path = SwitchMenuCell.swift; sourceTree = "<group>"; };
		7ECD4250212694D600C2CDFA /* IconFont+Ext.swift */ = {isa = PBXFileReference; lastKnownFileType = sourcecode.swift; path = "IconFont+Ext.swift"; sourceTree = "<group>"; };
		7ECD42592127D8F600C2CDFA /* TabItemsProvider.swift */ = {isa = PBXFileReference; lastKnownFileType = sourcecode.swift; path = TabItemsProvider.swift; sourceTree = "<group>"; };
		7ECD425E2127D9C400C2CDFA /* Dimension.swift */ = {isa = PBXFileReference; lastKnownFileType = sourcecode.swift; path = Dimension.swift; sourceTree = "<group>"; };
		7ECD42622127E37000C2CDFA /* Color+Ext.swift */ = {isa = PBXFileReference; lastKnownFileType = sourcecode.swift; path = "Color+Ext.swift"; sourceTree = "<group>"; };
		7ECD42722129D0DE00C2CDFA /* SnapchatCheckbox.swift */ = {isa = PBXFileReference; lastKnownFileType = sourcecode.swift; path = SnapchatCheckbox.swift; sourceTree = "<group>"; };
		7ECD427D212AB6A400C2CDFA /* Classic.plist */ = {isa = PBXFileReference; lastKnownFileType = text.plist.xml; path = Classic.plist; sourceTree = "<group>"; };
		7ECD427F212ABCBE00C2CDFA /* PinkPower.plist */ = {isa = PBXFileReference; lastKnownFileType = text.plist.xml; path = PinkPower.plist; sourceTree = "<group>"; };
		7ECD4285212BF1AF00C2CDFA /* DisplayViewController.swift */ = {isa = PBXFileReference; lastKnownFileType = sourcecode.swift; path = DisplayViewController.swift; sourceTree = "<group>"; };
		7ECD4287212BF39D00C2CDFA /* StaticFeedCell.swift */ = {isa = PBXFileReference; lastKnownFileType = sourcecode.swift; path = StaticFeedCell.swift; sourceTree = "<group>"; };
		7ECD4289212BF45200C2CDFA /* FontSizeCell.swift */ = {isa = PBXFileReference; lastKnownFileType = sourcecode.swift; path = FontSizeCell.swift; sourceTree = "<group>"; };
		7ECD428D212C244000C2CDFA /* ScreenNameLabel.swift */ = {isa = PBXFileReference; lastKnownFileType = sourcecode.swift; path = ScreenNameLabel.swift; sourceTree = "<group>"; };
		7ECD4291212C609400C2CDFA /* AvatarImageView.swift */ = {isa = PBXFileReference; lastKnownFileType = sourcecode.swift; path = AvatarImageView.swift; sourceTree = "<group>"; };
		7ECD4293212C60F000C2CDFA /* IdLabel.swift */ = {isa = PBXFileReference; lastKnownFileType = sourcecode.swift; path = IdLabel.swift; sourceTree = "<group>"; };
		7ECD4295212C611700C2CDFA /* ContentTextView.swift */ = {isa = PBXFileReference; lastKnownFileType = sourcecode.swift; path = ContentTextView.swift; sourceTree = "<group>"; };
		7ECD429A212DC34700C2CDFA /* ScaledFont.swift */ = {isa = PBXFileReference; lastKnownFileType = sourcecode.swift; path = ScaledFont.swift; sourceTree = "<group>"; };
		7ECD429D212DCB8600C2CDFA /* SourceCell.swift */ = {isa = PBXFileReference; lastKnownFileType = sourcecode.swift; path = SourceCell.swift; sourceTree = "<group>"; };
		7ECD42A6212E987E00C2CDFA /* SettingsNavViewController.swift */ = {isa = PBXFileReference; lastKnownFileType = sourcecode.swift; path = SettingsNavViewController.swift; sourceTree = "<group>"; };
		7ECD42B0212FE04700C2CDFA /* SourceViewController.swift */ = {isa = PBXFileReference; lastKnownFileType = sourcecode.swift; path = SourceViewController.swift; sourceTree = "<group>"; };
		7ECD42B2212FE2DF00C2CDFA /* EditSourceController.swift */ = {isa = PBXFileReference; lastKnownFileType = sourcecode.swift; path = EditSourceController.swift; sourceTree = "<group>"; };
		7ECD42B62130179900C2CDFA /* SourceEdit+Ext.swift */ = {isa = PBXFileReference; lastKnownFileType = sourcecode.swift; path = "SourceEdit+Ext.swift"; sourceTree = "<group>"; };
		7ECD42B821301E9000C2CDFA /* Noteworthy.plist */ = {isa = PBXFileReference; lastKnownFileType = text.plist.xml; path = Noteworthy.plist; sourceTree = "<group>"; };
		7ECD42BB2130217200C2CDFA /* Font+Ext.swift */ = {isa = PBXFileReference; lastKnownFileType = sourcecode.swift; path = "Font+Ext.swift"; sourceTree = "<group>"; };
		7ED0D238213FA70F008C9993 /* SelectedFontCell.swift */ = {isa = PBXFileReference; lastKnownFileType = sourcecode.swift; path = SelectedFontCell.swift; sourceTree = "<group>"; };
		7ED0D23A213FB3C0008C9993 /* Source.swift */ = {isa = PBXFileReference; lastKnownFileType = sourcecode.swift; path = Source.swift; sourceTree = "<group>"; };
		7ED0D23C2142296B008C9993 /* NewPopMenu+Ext.swift */ = {isa = PBXFileReference; lastKnownFileType = sourcecode.swift; path = "NewPopMenu+Ext.swift"; sourceTree = "<group>"; };
		7ED0D24221426CA5008C9993 /* TextFieldEffects.swift */ = {isa = PBXFileReference; lastKnownFileType = sourcecode.swift; path = TextFieldEffects.swift; sourceTree = "<group>"; };
		7ED0D24421426CCA008C9993 /* KaedeTextField.swift */ = {isa = PBXFileReference; lastKnownFileType = sourcecode.swift; path = KaedeTextField.swift; sourceTree = "<group>"; };
		7ED0D24A21429184008C9993 /* String+Ext.swift */ = {isa = PBXFileReference; lastKnownFileType = sourcecode.swift; path = "String+Ext.swift"; sourceTree = "<group>"; };
		7ED2DBA121479A2700164B20 /* en */ = {isa = PBXFileReference; lastKnownFileType = text.plist.strings; name = en; path = Settings.strings; sourceTree = "<group>"; };
		7ED2DBB0214A362200164B20 /* SettingsState.swift */ = {isa = PBXFileReference; lastKnownFileType = sourcecode.swift; path = SettingsState.swift; sourceTree = "<group>"; };
		7EFCA69B2134669C00DE22AD /* SwiftyPlistManager.swift */ = {isa = PBXFileReference; lastKnownFileType = sourcecode.swift; path = SwiftyPlistManager.swift; sourceTree = "<group>"; };
		7EFCA6A621352F3800DE22AD /* AppReducer.swift */ = {isa = PBXFileReference; lastKnownFileType = sourcecode.swift; path = AppReducer.swift; sourceTree = "<group>"; };
		DE6FD7B812B856AF3BEE80A7 /* Pods-twidere.release.xcconfig */ = {isa = PBXFileReference; includeInIndex = 1; lastKnownFileType = text.xcconfig; name = "Pods-twidere.release.xcconfig"; path = "Target Support Files/Pods-twidere/Pods-twidere.release.xcconfig"; sourceTree = "<group>"; };
/* End PBXFileReference section */

/* Begin PBXFrameworksBuildPhase section */
		7EBCF42621256BDC002B96ED /* Frameworks */ = {
			isa = PBXFrameworksBuildPhase;
			buildActionMask = 2147483647;
			files = (
				7E11A32D2152240500F2AFDC /* IconFont.framework in Frameworks */,
				7E11A3082152201000F2AFDC /* SwiftTheme.framework in Frameworks */,
				6AF8F12294DF34F0D77C096B /* Pods_twidere.framework in Frameworks */,
			);
			runOnlyForDeploymentPostprocessing = 0;
		};
		7EBCF43A21256BDE002B96ED /* Frameworks */ = {
			isa = PBXFrameworksBuildPhase;
			buildActionMask = 2147483647;
			files = (
			);
			runOnlyForDeploymentPostprocessing = 0;
		};
		7EBCF44521256BDE002B96ED /* Frameworks */ = {
			isa = PBXFrameworksBuildPhase;
			buildActionMask = 2147483647;
			files = (
			);
			runOnlyForDeploymentPostprocessing = 0;
		};
/* End PBXFrameworksBuildPhase section */

/* Begin PBXGroup section */
		3BCC6B20D3CF96CE710C6F7A /* Pods */ = {
			isa = PBXGroup;
			children = (
				359D91D27CE74F1F59540E36 /* Pods-twidere.debug.xcconfig */,
				DE6FD7B812B856AF3BEE80A7 /* Pods-twidere.release.xcconfig */,
			);
			path = Pods;
			sourceTree = "<group>";
		};
		4B494516AD31F0992E46A556 /* Frameworks */ = {
			isa = PBXGroup;
			children = (
				644AF7DD7719663A36AAD8A9 /* Pods_twidere.framework */,
			);
			name = Frameworks;
			sourceTree = "<group>";
		};
		7E11A2FF2152194B00F2AFDC /* Products */ = {
			isa = PBXGroup;
			children = (
				7E11A3032152194C00F2AFDC /* SwiftTheme.framework */,
			);
			name = Products;
			sourceTree = "<group>";
		};
		7E11A30B215221FF00F2AFDC /* Theming */ = {
			isa = PBXGroup;
			children = (
				7E11A30C2152222500F2AFDC /* AppTheme.swift */,
				7E11A30E2152224F00F2AFDC /* ThemeCell.swift */,
				7E11A3102152226A00F2AFDC /* ThemeViewController.swift */,
			);
			path = Theming;
			sourceTree = "<group>";
		};
		7E11A328215222F100F2AFDC /* Products */ = {
			isa = PBXGroup;
			children = (
				7E11A32C215222F100F2AFDC /* IconFont.framework */,
			);
			name = Products;
			sourceTree = "<group>";
		};
		7E7773DE2150E1110081BCB2 /* Ohters */ = {
			isa = PBXGroup;
			children = (
				7E7773DF2150FA220081BCB2 /* OthersViewController.swift */,
				7E7773E1215114040081BCB2 /* Language+Ext.swift */,
			);
			path = Ohters;
			sourceTree = "<group>";
		};
		7E934DA8214B955400FBE203 /* State */ = {
			isa = PBXGroup;
			children = (
				7E934DA9214B956300FBE203 /* State.swift */,
				7ED2DBB0214A362200164B20 /* SettingsState.swift */,
			);
			path = State;
			sourceTree = "<group>";
		};
		7EBCF42021256BDC002B96ED = {
			isa = PBXGroup;
			children = (
				7E11A327215222F100F2AFDC /* IconFont.xcodeproj */,
				7E11A2FE2152194B00F2AFDC /* SwiftTheme.xcodeproj */,
				7E934DA8214B955400FBE203 /* State */,
				7EFCA6A521352F2A00DE22AD /* Reducers */,
				7EFCA6A221352ECC00DE22AD /* Routes */,
				7ECD429C212DCB3900C2CDFA /* Source */,
				7ECD428F212C606400C2CDFA /* Feed */,
				7EBCF46021266DE1002B96ED /* Common */,
				7EBCF45A2125714F002B96ED /* Settings */,
				7EBCF42B21256BDC002B96ED /* Twidere */,
				7EBCF42A21256BDC002B96ED /* Products */,
				3BCC6B20D3CF96CE710C6F7A /* Pods */,
				4B494516AD31F0992E46A556 /* Frameworks */,
			);
			sourceTree = "<group>";
		};
		7EBCF42A21256BDC002B96ED /* Products */ = {
			isa = PBXGroup;
			children = (
				7EBCF42921256BDC002B96ED /* twidere.app */,
				7EBCF43D21256BDE002B96ED /* twidereTests.xctest */,
				7EBCF44821256BDE002B96ED /* twidereUITests.xctest */,
			);
			name = Products;
			sourceTree = "<group>";
		};
		7EBCF42B21256BDC002B96ED /* Twidere */ = {
			isa = PBXGroup;
			children = (
				7ED2DB9F214799FB00164B20 /* en.lproj */,
				7ED2DB9E2147991E00164B20 /* zh-Hans.lproj */,
				7ED0D23C2142296B008C9993 /* NewPopMenu+Ext.swift */,
				7ECD42B821301E9000C2CDFA /* Noteworthy.plist */,
				7ECD427D212AB6A400C2CDFA /* Classic.plist */,
				7ECD427F212ABCBE00C2CDFA /* PinkPower.plist */,
				7EBCF42C21256BDC002B96ED /* AppDelegate.swift */,
				7EBCF43321256BDE002B96ED /* Assets.xcassets */,
				7EBCF43521256BDE002B96ED /* LaunchScreen.storyboard */,
				7EBCF43821256BDE002B96ED /* Info.plist */,
				7ECD425E2127D9C400C2CDFA /* Dimension.swift */,
			);
			path = Twidere;
			sourceTree = "<group>";
		};
		7EBCF45A2125714F002B96ED /* Settings */ = {
			isa = PBXGroup;
			children = (
				7E11A30B215221FF00F2AFDC /* Theming */,
				7E7773DE2150E1110081BCB2 /* Ohters */,
				7ECD42592127D8F600C2CDFA /* TabItemsProvider.swift */,
				7EBCF45B212571B3002B96ED /* SettingsTabViewController.swift */,
				7ECD42A6212E987E00C2CDFA /* SettingsNavViewController.swift */,
			);
			path = Settings;
			sourceTree = "<group>";
		};
		7EBCF46021266DE1002B96ED /* Common */ = {
			isa = PBXGroup;
			children = (
				7ECD4299212DC32E00C2CDFA /* font */,
				7ECD42712129D0CC00C2CDFA /* widgets */,
				7EBCF46121266DEE002B96ED /* ext */,
				7ECD4250212694D600C2CDFA /* IconFont+Ext.swift */,
				7EFCA69B2134669C00DE22AD /* SwiftyPlistManager.swift */,
				7E86CEA121378ECC006F1440 /* Enum+Ext.swift */,
				7ED0D24A21429184008C9993 /* String+Ext.swift */,
			);
			path = Common;
			sourceTree = "<group>";
		};
		7EBCF46121266DEE002B96ED /* ext */ = {
			isa = PBXGroup;
			children = (
				7EBCF46321266E1D002B96ED /* UITableView+Ext.swift */,
				7ECD42622127E37000C2CDFA /* Color+Ext.swift */,
			);
			path = ext;
			sourceTree = "<group>";
		};
		7ECD42712129D0CC00C2CDFA /* widgets */ = {
			isa = PBXGroup;
			children = (
				7EBCF4652126725B002B96ED /* SwitchMenuCell.swift */,
				7ECD42722129D0DE00C2CDFA /* SnapchatCheckbox.swift */,
				7EB1DDB62133AEDE0016F370 /* GMStepper.swift */,
				7ED0D24221426CA5008C9993 /* TextFieldEffects.swift */,
				7ED0D24421426CCA008C9993 /* KaedeTextField.swift */,
			);
			path = widgets;
			sourceTree = "<group>";
		};
		7ECD428F212C606400C2CDFA /* Feed */ = {
			isa = PBXGroup;
			children = (
				7ECD4285212BF1AF00C2CDFA /* DisplayViewController.swift */,
				7ECD4287212BF39D00C2CDFA /* StaticFeedCell.swift */,
				7ED0D238213FA70F008C9993 /* SelectedFontCell.swift */,
				7ECD4289212BF45200C2CDFA /* FontSizeCell.swift */,
				7EA94BFA2133C79400C6E8D9 /* FontNameViewController.swift */,
				7ECD4290212C606B00C2CDFA /* widgets */,
			);
			path = Feed;
			sourceTree = "<group>";
		};
		7ECD4290212C606B00C2CDFA /* widgets */ = {
			isa = PBXGroup;
			children = (
				7ECD428D212C244000C2CDFA /* ScreenNameLabel.swift */,
				7ECD4291212C609400C2CDFA /* AvatarImageView.swift */,
				7ECD4293212C60F000C2CDFA /* IdLabel.swift */,
				7ECD4295212C611700C2CDFA /* ContentTextView.swift */,
			);
			path = widgets;
			sourceTree = "<group>";
		};
		7ECD4299212DC32E00C2CDFA /* font */ = {
			isa = PBXGroup;
			children = (
				7ECD42BB2130217200C2CDFA /* Font+Ext.swift */,
				7ECD429A212DC34700C2CDFA /* ScaledFont.swift */,
			);
			path = font;
			sourceTree = "<group>";
		};
		7ECD429C212DCB3900C2CDFA /* Source */ = {
			isa = PBXGroup;
			children = (
				7ECD429D212DCB8600C2CDFA /* SourceCell.swift */,
				7ECD42B0212FE04700C2CDFA /* SourceViewController.swift */,
				7ECD42B2212FE2DF00C2CDFA /* EditSourceController.swift */,
				7ECD42B62130179900C2CDFA /* SourceEdit+Ext.swift */,
				7ED0D23A213FB3C0008C9993 /* Source.swift */,
			);
			path = Source;
			sourceTree = "<group>";
		};
		7ED2DB9E2147991E00164B20 /* zh-Hans.lproj */ = {
			isa = PBXGroup;
			children = (
			);
			path = "zh-Hans.lproj";
			sourceTree = "<group>";
		};
		7ED2DB9F214799FB00164B20 /* en.lproj */ = {
			isa = PBXGroup;
			children = (
				7ED2DBA021479A2600164B20 /* Settings.strings */,
			);
			path = en.lproj;
			sourceTree = "<group>";
		};
		7EFCA6A221352ECC00DE22AD /* Routes */ = {
			isa = PBXGroup;
			children = (
				7E934DAB214BA4BA00FBE203 /* UINavigationController+Ext.swift */,
				7E934DAD214BA5E700FBE203 /* Routes.swift */,
			);
			path = Routes;
			sourceTree = "<group>";
		};
		7EFCA6A521352F2A00DE22AD /* Reducers */ = {
			isa = PBXGroup;
			children = (
				7EFCA6A621352F3800DE22AD /* AppReducer.swift */,
				7E11A2B7215203AA00F2AFDC /* SettingsReducer.swift */,
			);
			path = Reducers;
			sourceTree = "<group>";
		};
/* End PBXGroup section */

/* Begin PBXNativeTarget section */
		7EBCF42821256BDC002B96ED /* twidere */ = {
			isa = PBXNativeTarget;
			buildConfigurationList = 7EBCF45121256BDE002B96ED /* Build configuration list for PBXNativeTarget "twidere" */;
			buildPhases = (
				41D285D9115E1FD3858BDD91 /* [CP] Check Pods Manifest.lock */,
				7EBCF42521256BDC002B96ED /* Sources */,
				7EBCF42621256BDC002B96ED /* Frameworks */,
				7EBCF42721256BDC002B96ED /* Resources */,
				DBF4894B24AA23D32DB0D4AD /* [CP] Embed Pods Frameworks */,
			);
			buildRules = (
			);
			dependencies = (
			);
			name = twidere;
			productName = twidere;
			productReference = 7EBCF42921256BDC002B96ED /* twidere.app */;
			productType = "com.apple.product-type.application";
		};
		7EBCF43C21256BDE002B96ED /* twidereTests */ = {
			isa = PBXNativeTarget;
			buildConfigurationList = 7EBCF45421256BDE002B96ED /* Build configuration list for PBXNativeTarget "twidereTests" */;
			buildPhases = (
				7EBCF43921256BDE002B96ED /* Sources */,
				7EBCF43A21256BDE002B96ED /* Frameworks */,
				7EBCF43B21256BDE002B96ED /* Resources */,
			);
			buildRules = (
			);
			dependencies = (
				7EBCF43F21256BDE002B96ED /* PBXTargetDependency */,
			);
			name = twidereTests;
			productName = twidereTests;
			productReference = 7EBCF43D21256BDE002B96ED /* twidereTests.xctest */;
			productType = "com.apple.product-type.bundle.unit-test";
		};
		7EBCF44721256BDE002B96ED /* twidereUITests */ = {
			isa = PBXNativeTarget;
			buildConfigurationList = 7EBCF45721256BDE002B96ED /* Build configuration list for PBXNativeTarget "twidereUITests" */;
			buildPhases = (
				7EBCF44421256BDE002B96ED /* Sources */,
				7EBCF44521256BDE002B96ED /* Frameworks */,
				7EBCF44621256BDE002B96ED /* Resources */,
			);
			buildRules = (
			);
			dependencies = (
				7EBCF44A21256BDE002B96ED /* PBXTargetDependency */,
			);
			name = twidereUITests;
			productName = twidereUITests;
			productReference = 7EBCF44821256BDE002B96ED /* twidereUITests.xctest */;
			productType = "com.apple.product-type.bundle.ui-testing";
		};
/* End PBXNativeTarget section */

/* Begin PBXProject section */
		7EBCF42121256BDC002B96ED /* Project object */ = {
			isa = PBXProject;
			attributes = {
				CLASSPREFIX = Sinyuk;
				LastSwiftUpdateCheck = 0940;
				LastUpgradeCheck = 1000;
				ORGANIZATIONNAME = Sinyuk;
				TargetAttributes = {
					7EBCF42821256BDC002B96ED = {
						CreatedOnToolsVersion = 9.4.1;
					};
					7EBCF43C21256BDE002B96ED = {
						CreatedOnToolsVersion = 9.4.1;
						TestTargetID = 7EBCF42821256BDC002B96ED;
					};
					7EBCF44721256BDE002B96ED = {
						CreatedOnToolsVersion = 9.4.1;
						TestTargetID = 7EBCF42821256BDC002B96ED;
					};
				};
			};
			buildConfigurationList = 7EBCF42421256BDC002B96ED /* Build configuration list for PBXProject "Twidere" */;
			compatibilityVersion = "Xcode 9.3";
			developmentRegion = en;
			hasScannedForEncodings = 0;
			knownRegions = (
				en,
				Base,
			);
			mainGroup = 7EBCF42021256BDC002B96ED;
			productRefGroup = 7EBCF42A21256BDC002B96ED /* Products */;
			projectDirPath = "";
			projectReferences = (
				{
					ProductGroup = 7E11A328215222F100F2AFDC /* Products */;
					ProjectRef = 7E11A327215222F100F2AFDC /* IconFont.xcodeproj */;
				},
				{
					ProductGroup = 7E11A2FF2152194B00F2AFDC /* Products */;
					ProjectRef = 7E11A2FE2152194B00F2AFDC /* SwiftTheme.xcodeproj */;
				},
			);
			projectRoot = "";
			targets = (
				7EBCF42821256BDC002B96ED /* twidere */,
				7EBCF43C21256BDE002B96ED /* twidereTests */,
				7EBCF44721256BDE002B96ED /* twidereUITests */,
			);
		};
/* End PBXProject section */

/* Begin PBXReferenceProxy section */
		7E11A3032152194C00F2AFDC /* SwiftTheme.framework */ = {
			isa = PBXReferenceProxy;
			fileType = wrapper.framework;
			path = SwiftTheme.framework;
			remoteRef = 7E11A3022152194C00F2AFDC /* PBXContainerItemProxy */;
			sourceTree = BUILT_PRODUCTS_DIR;
		};
		7E11A32C215222F100F2AFDC /* IconFont.framework */ = {
			isa = PBXReferenceProxy;
			fileType = wrapper.framework;
			path = IconFont.framework;
			remoteRef = 7E11A32B215222F100F2AFDC /* PBXContainerItemProxy */;
			sourceTree = BUILT_PRODUCTS_DIR;
		};
/* End PBXReferenceProxy section */

/* Begin PBXResourcesBuildPhase section */
		7EBCF42721256BDC002B96ED /* Resources */ = {
			isa = PBXResourcesBuildPhase;
			buildActionMask = 2147483647;
			files = (
				7ECD427E212AB6A400C2CDFA /* Classic.plist in Resources */,
				7ECD42B921301E9000C2CDFA /* Noteworthy.plist in Resources */,
				7EBCF43721256BDE002B96ED /* LaunchScreen.storyboard in Resources */,
				7ED2DBA221479A2700164B20 /* Settings.strings in Resources */,
				7EBCF43421256BDE002B96ED /* Assets.xcassets in Resources */,
				7ECD4280212ABCBE00C2CDFA /* PinkPower.plist in Resources */,
			);
			runOnlyForDeploymentPostprocessing = 0;
		};
		7EBCF43B21256BDE002B96ED /* Resources */ = {
			isa = PBXResourcesBuildPhase;
			buildActionMask = 2147483647;
			files = (
			);
			runOnlyForDeploymentPostprocessing = 0;
		};
		7EBCF44621256BDE002B96ED /* Resources */ = {
			isa = PBXResourcesBuildPhase;
			buildActionMask = 2147483647;
			files = (
			);
			runOnlyForDeploymentPostprocessing = 0;
		};
/* End PBXResourcesBuildPhase section */

/* Begin PBXShellScriptBuildPhase section */
		41D285D9115E1FD3858BDD91 /* [CP] Check Pods Manifest.lock */ = {
			isa = PBXShellScriptBuildPhase;
			buildActionMask = 2147483647;
			files = (
			);
			inputFileListPaths = (
			);
			inputPaths = (
				"${PODS_PODFILE_DIR_PATH}/Podfile.lock",
				"${PODS_ROOT}/Manifest.lock",
			);
			name = "[CP] Check Pods Manifest.lock";
			outputFileListPaths = (
			);
			outputPaths = (
				"$(DERIVED_FILE_DIR)/Pods-twidere-checkManifestLockResult.txt",
			);
			runOnlyForDeploymentPostprocessing = 0;
			shellPath = /bin/sh;
			shellScript = "diff \"${PODS_PODFILE_DIR_PATH}/Podfile.lock\" \"${PODS_ROOT}/Manifest.lock\" > /dev/null\nif [ $? != 0 ] ; then\n    # print error to STDERR\n    echo \"error: The sandbox is not in sync with the Podfile.lock. Run 'pod install' or update your CocoaPods installation.\" >&2\n    exit 1\nfi\n# This output is used by Xcode 'outputs' to avoid re-running this script phase.\necho \"SUCCESS\" > \"${SCRIPT_OUTPUT_FILE_0}\"\n";
			showEnvVarsInLog = 0;
		};
		DBF4894B24AA23D32DB0D4AD /* [CP] Embed Pods Frameworks */ = {
			isa = PBXShellScriptBuildPhase;
			buildActionMask = 2147483647;
			files = (
			);
			inputFileListPaths = (
			);
			inputPaths = (
				"${PODS_ROOT}/Target Support Files/Pods-twidere/Pods-twidere-frameworks.sh",
				"${BUILT_PRODUCTS_DIR}/AutoInsetter/AutoInsetter.framework",
				"${BUILT_PRODUCTS_DIR}/NewPopMenu/PopMenu.framework",
				"${BUILT_PRODUCTS_DIR}/Pageboy/Pageboy.framework",
				"${BUILT_PRODUCTS_DIR}/ReSwift/ReSwift.framework",
				"${BUILT_PRODUCTS_DIR}/ReSwiftRouter/ReSwiftRouter.framework",
				"${BUILT_PRODUCTS_DIR}/Realm/Realm.framework",
				"${BUILT_PRODUCTS_DIR}/RealmSwift/RealmSwift.framework",
				"${BUILT_PRODUCTS_DIR}/RxCocoa/RxCocoa.framework",
				"${BUILT_PRODUCTS_DIR}/RxSwift/RxSwift.framework",
				"${BUILT_PRODUCTS_DIR}/SnapKit/SnapKit.framework",
				"${BUILT_PRODUCTS_DIR}/Swinject/Swinject.framework",
				"${BUILT_PRODUCTS_DIR}/Tabman/Tabman.framework",
			);
			name = "[CP] Embed Pods Frameworks";
			outputFileListPaths = (
			);
			outputPaths = (
				"${TARGET_BUILD_DIR}/${FRAMEWORKS_FOLDER_PATH}/AutoInsetter.framework",
				"${TARGET_BUILD_DIR}/${FRAMEWORKS_FOLDER_PATH}/PopMenu.framework",
				"${TARGET_BUILD_DIR}/${FRAMEWORKS_FOLDER_PATH}/Pageboy.framework",
				"${TARGET_BUILD_DIR}/${FRAMEWORKS_FOLDER_PATH}/ReSwift.framework",
				"${TARGET_BUILD_DIR}/${FRAMEWORKS_FOLDER_PATH}/ReSwiftRouter.framework",
				"${TARGET_BUILD_DIR}/${FRAMEWORKS_FOLDER_PATH}/Realm.framework",
				"${TARGET_BUILD_DIR}/${FRAMEWORKS_FOLDER_PATH}/RealmSwift.framework",
				"${TARGET_BUILD_DIR}/${FRAMEWORKS_FOLDER_PATH}/RxCocoa.framework",
				"${TARGET_BUILD_DIR}/${FRAMEWORKS_FOLDER_PATH}/RxSwift.framework",
				"${TARGET_BUILD_DIR}/${FRAMEWORKS_FOLDER_PATH}/SnapKit.framework",
				"${TARGET_BUILD_DIR}/${FRAMEWORKS_FOLDER_PATH}/Swinject.framework",
				"${TARGET_BUILD_DIR}/${FRAMEWORKS_FOLDER_PATH}/Tabman.framework",
			);
			runOnlyForDeploymentPostprocessing = 0;
			shellPath = /bin/sh;
			shellScript = "\"${PODS_ROOT}/Target Support Files/Pods-twidere/Pods-twidere-frameworks.sh\"\n";
			showEnvVarsInLog = 0;
		};
/* End PBXShellScriptBuildPhase section */

/* Begin PBXSourcesBuildPhase section */
		7EBCF42521256BDC002B96ED /* Sources */ = {
			isa = PBXSourcesBuildPhase;
			buildActionMask = 2147483647;
			files = (
				7EFCA69C2134669C00DE22AD /* SwiftyPlistManager.swift in Sources */,
				7ECD4286212BF1AF00C2CDFA /* DisplayViewController.swift in Sources */,
				7EB1DDB72133AEDE0016F370 /* GMStepper.swift in Sources */,
				7ECD428E212C244000C2CDFA /* ScreenNameLabel.swift in Sources */,
				7EBCF42D21256BDC002B96ED /* AppDelegate.swift in Sources */,
				7ECD428A212BF45200C2CDFA /* FontSizeCell.swift in Sources */,
				7E11A3112152226A00F2AFDC /* ThemeViewController.swift in Sources */,
				7EBCF46421266E1D002B96ED /* UITableView+Ext.swift in Sources */,
				7ECD4288212BF39D00C2CDFA /* StaticFeedCell.swift in Sources */,
				7ECD42A7212E987E00C2CDFA /* SettingsNavViewController.swift in Sources */,
				7ED0D24521426CCA008C9993 /* KaedeTextField.swift in Sources */,
				7EFCA6A721352F3800DE22AD /* AppReducer.swift in Sources */,
				7E11A2B8215203AA00F2AFDC /* SettingsReducer.swift in Sources */,
				7EA94BFB2133C79400C6E8D9 /* FontNameViewController.swift in Sources */,
				7ECD42B72130179900C2CDFA /* SourceEdit+Ext.swift in Sources */,
				7ECD4292212C609400C2CDFA /* AvatarImageView.swift in Sources */,
				7ED0D24321426CA5008C9993 /* TextFieldEffects.swift in Sources */,
				7ECD42632127E37000C2CDFA /* Color+Ext.swift in Sources */,
				7E934DAC214BA4BA00FBE203 /* UINavigationController+Ext.swift in Sources */,
				7E934DAA214B956300FBE203 /* State.swift in Sources */,
				7E7773E2215114040081BCB2 /* Language+Ext.swift in Sources */,
				7EBCF4662126725B002B96ED /* SwitchMenuCell.swift in Sources */,
				7E11A30D2152222500F2AFDC /* AppTheme.swift in Sources */,
				7ECD42732129D0DE00C2CDFA /* SnapchatCheckbox.swift in Sources */,
				7ECD4251212694D600C2CDFA /* IconFont+Ext.swift in Sources */,
				7E86CEA221378ECC006F1440 /* Enum+Ext.swift in Sources */,
				7ECD42B1212FE04700C2CDFA /* SourceViewController.swift in Sources */,
				7ECD425F2127D9C400C2CDFA /* Dimension.swift in Sources */,
				7E934DAE214BA5E700FBE203 /* Routes.swift in Sources */,
				7ED0D23B213FB3C0008C9993 /* Source.swift in Sources */,
				7E7773E02150FA220081BCB2 /* OthersViewController.swift in Sources */,
				7ECD425A2127D8F600C2CDFA /* TabItemsProvider.swift in Sources */,
				7E11A30F2152224F00F2AFDC /* ThemeCell.swift in Sources */,
				7ECD42B3212FE2DF00C2CDFA /* EditSourceController.swift in Sources */,
				7ECD4294212C60F000C2CDFA /* IdLabel.swift in Sources */,
				7ECD429E212DCB8600C2CDFA /* SourceCell.swift in Sources */,
				7ECD4296212C611700C2CDFA /* ContentTextView.swift in Sources */,
				7ED0D23D2142296B008C9993 /* NewPopMenu+Ext.swift in Sources */,
				7ECD42BC2130217200C2CDFA /* Font+Ext.swift in Sources */,
				7ED2DBB1214A362200164B20 /* SettingsState.swift in Sources */,
				7ECD429B212DC34700C2CDFA /* ScaledFont.swift in Sources */,
				7ED0D239213FA70F008C9993 /* SelectedFontCell.swift in Sources */,
				7ED0D24B21429184008C9993 /* String+Ext.swift in Sources */,
				7EBCF45C212571B3002B96ED /* SettingsTabViewController.swift in Sources */,
			);
			runOnlyForDeploymentPostprocessing = 0;
		};
		7EBCF43921256BDE002B96ED /* Sources */ = {
			isa = PBXSourcesBuildPhase;
			buildActionMask = 2147483647;
			files = (
			);
			runOnlyForDeploymentPostprocessing = 0;
		};
		7EBCF44421256BDE002B96ED /* Sources */ = {
			isa = PBXSourcesBuildPhase;
			buildActionMask = 2147483647;
			files = (
			);
			runOnlyForDeploymentPostprocessing = 0;
		};
/* End PBXSourcesBuildPhase section */

/* Begin PBXTargetDependency section */
		7EBCF43F21256BDE002B96ED /* PBXTargetDependency */ = {
			isa = PBXTargetDependency;
			target = 7EBCF42821256BDC002B96ED /* twidere */;
			targetProxy = 7EBCF43E21256BDE002B96ED /* PBXContainerItemProxy */;
		};
		7EBCF44A21256BDE002B96ED /* PBXTargetDependency */ = {
			isa = PBXTargetDependency;
			target = 7EBCF42821256BDC002B96ED /* twidere */;
			targetProxy = 7EBCF44921256BDE002B96ED /* PBXContainerItemProxy */;
		};
/* End PBXTargetDependency section */

/* Begin PBXVariantGroup section */
		7EBCF43521256BDE002B96ED /* LaunchScreen.storyboard */ = {
			isa = PBXVariantGroup;
			children = (
				7EBCF43621256BDE002B96ED /* Base */,
			);
			name = LaunchScreen.storyboard;
			sourceTree = "<group>";
		};
		7ED2DBA021479A2600164B20 /* Settings.strings */ = {
			isa = PBXVariantGroup;
			children = (
				7ED2DBA121479A2700164B20 /* en */,
			);
			name = Settings.strings;
			sourceTree = "<group>";
		};
/* End PBXVariantGroup section */

/* Begin XCBuildConfiguration section */
		7EBCF44F21256BDE002B96ED /* Debug */ = {
			isa = XCBuildConfiguration;
			buildSettings = {
				ALWAYS_SEARCH_USER_PATHS = NO;
				CLANG_ANALYZER_LOCALIZABILITY_NONLOCALIZED = YES;
				CLANG_ANALYZER_NONNULL = YES;
				CLANG_ANALYZER_NUMBER_OBJECT_CONVERSION = YES_AGGRESSIVE;
				CLANG_CXX_LANGUAGE_STANDARD = "gnu++14";
				CLANG_CXX_LIBRARY = "libc++";
				CLANG_ENABLE_MODULES = YES;
				CLANG_ENABLE_OBJC_ARC = YES;
				CLANG_ENABLE_OBJC_WEAK = YES;
				CLANG_WARN_BLOCK_CAPTURE_AUTORELEASING = YES;
				CLANG_WARN_BOOL_CONVERSION = YES;
				CLANG_WARN_COMMA = YES;
				CLANG_WARN_CONSTANT_CONVERSION = YES;
				CLANG_WARN_DEPRECATED_OBJC_IMPLEMENTATIONS = YES;
				CLANG_WARN_DIRECT_OBJC_ISA_USAGE = YES_ERROR;
				CLANG_WARN_DOCUMENTATION_COMMENTS = YES;
				CLANG_WARN_EMPTY_BODY = YES;
				CLANG_WARN_ENUM_CONVERSION = YES;
				CLANG_WARN_INFINITE_RECURSION = YES;
				CLANG_WARN_INT_CONVERSION = YES;
				CLANG_WARN_NON_LITERAL_NULL_CONVERSION = YES;
				CLANG_WARN_OBJC_IMPLICIT_RETAIN_SELF = YES;
				CLANG_WARN_OBJC_LITERAL_CONVERSION = YES;
				CLANG_WARN_OBJC_ROOT_CLASS = YES_ERROR;
				CLANG_WARN_RANGE_LOOP_ANALYSIS = YES;
				CLANG_WARN_STRICT_PROTOTYPES = YES;
				CLANG_WARN_SUSPICIOUS_MOVE = YES;
				CLANG_WARN_UNGUARDED_AVAILABILITY = YES_AGGRESSIVE;
				CLANG_WARN_UNREACHABLE_CODE = YES;
				CLANG_WARN__DUPLICATE_METHOD_MATCH = YES;
				CODE_SIGN_IDENTITY = "iPhone Developer";
				COPY_PHASE_STRIP = NO;
				DEBUG_INFORMATION_FORMAT = dwarf;
				ENABLE_STRICT_OBJC_MSGSEND = YES;
				ENABLE_TESTABILITY = YES;
				GCC_C_LANGUAGE_STANDARD = gnu11;
				GCC_DYNAMIC_NO_PIC = NO;
				GCC_NO_COMMON_BLOCKS = YES;
				GCC_OPTIMIZATION_LEVEL = 0;
				GCC_PREPROCESSOR_DEFINITIONS = (
					"DEBUG=1",
					"$(inherited)",
				);
				GCC_WARN_64_TO_32_BIT_CONVERSION = YES;
				GCC_WARN_ABOUT_RETURN_TYPE = YES_ERROR;
				GCC_WARN_UNDECLARED_SELECTOR = YES;
				GCC_WARN_UNINITIALIZED_AUTOS = YES_AGGRESSIVE;
				GCC_WARN_UNUSED_FUNCTION = YES;
				GCC_WARN_UNUSED_VARIABLE = YES;
				IPHONEOS_DEPLOYMENT_TARGET = 12.0;
				MTL_ENABLE_DEBUG_INFO = YES;
				ONLY_ACTIVE_ARCH = YES;
				SDKROOT = iphoneos;
				SWIFT_ACTIVE_COMPILATION_CONDITIONS = DEBUG;
				SWIFT_OPTIMIZATION_LEVEL = "-Onone";
			};
			name = Debug;
		};
		7EBCF45021256BDE002B96ED /* Release */ = {
			isa = XCBuildConfiguration;
			buildSettings = {
				ALWAYS_SEARCH_USER_PATHS = NO;
				CLANG_ANALYZER_LOCALIZABILITY_NONLOCALIZED = YES;
				CLANG_ANALYZER_NONNULL = YES;
				CLANG_ANALYZER_NUMBER_OBJECT_CONVERSION = YES_AGGRESSIVE;
				CLANG_CXX_LANGUAGE_STANDARD = "gnu++14";
				CLANG_CXX_LIBRARY = "libc++";
				CLANG_ENABLE_MODULES = YES;
				CLANG_ENABLE_OBJC_ARC = YES;
				CLANG_ENABLE_OBJC_WEAK = YES;
				CLANG_WARN_BLOCK_CAPTURE_AUTORELEASING = YES;
				CLANG_WARN_BOOL_CONVERSION = YES;
				CLANG_WARN_COMMA = YES;
				CLANG_WARN_CONSTANT_CONVERSION = YES;
				CLANG_WARN_DEPRECATED_OBJC_IMPLEMENTATIONS = YES;
				CLANG_WARN_DIRECT_OBJC_ISA_USAGE = YES_ERROR;
				CLANG_WARN_DOCUMENTATION_COMMENTS = YES;
				CLANG_WARN_EMPTY_BODY = YES;
				CLANG_WARN_ENUM_CONVERSION = YES;
				CLANG_WARN_INFINITE_RECURSION = YES;
				CLANG_WARN_INT_CONVERSION = YES;
				CLANG_WARN_NON_LITERAL_NULL_CONVERSION = YES;
				CLANG_WARN_OBJC_IMPLICIT_RETAIN_SELF = YES;
				CLANG_WARN_OBJC_LITERAL_CONVERSION = YES;
				CLANG_WARN_OBJC_ROOT_CLASS = YES_ERROR;
				CLANG_WARN_RANGE_LOOP_ANALYSIS = YES;
				CLANG_WARN_STRICT_PROTOTYPES = YES;
				CLANG_WARN_SUSPICIOUS_MOVE = YES;
				CLANG_WARN_UNGUARDED_AVAILABILITY = YES_AGGRESSIVE;
				CLANG_WARN_UNREACHABLE_CODE = YES;
				CLANG_WARN__DUPLICATE_METHOD_MATCH = YES;
				CODE_SIGN_IDENTITY = "iPhone Developer";
				COPY_PHASE_STRIP = NO;
				DEBUG_INFORMATION_FORMAT = "dwarf-with-dsym";
				ENABLE_NS_ASSERTIONS = NO;
				ENABLE_STRICT_OBJC_MSGSEND = YES;
				GCC_C_LANGUAGE_STANDARD = gnu11;
				GCC_NO_COMMON_BLOCKS = YES;
				GCC_WARN_64_TO_32_BIT_CONVERSION = YES;
				GCC_WARN_ABOUT_RETURN_TYPE = YES_ERROR;
				GCC_WARN_UNDECLARED_SELECTOR = YES;
				GCC_WARN_UNINITIALIZED_AUTOS = YES_AGGRESSIVE;
				GCC_WARN_UNUSED_FUNCTION = YES;
				GCC_WARN_UNUSED_VARIABLE = YES;
				IPHONEOS_DEPLOYMENT_TARGET = 12.0;
				MTL_ENABLE_DEBUG_INFO = NO;
				ONLY_ACTIVE_ARCH = NO;
				SDKROOT = iphoneos;
				SWIFT_COMPILATION_MODE = wholemodule;
				SWIFT_OPTIMIZATION_LEVEL = "-O";
				VALIDATE_PRODUCT = YES;
			};
			name = Release;
		};
		7EBCF45221256BDE002B96ED /* Debug */ = {
			isa = XCBuildConfiguration;
			baseConfigurationReference = 359D91D27CE74F1F59540E36 /* Pods-twidere.debug.xcconfig */;
			buildSettings = {
				ASSETCATALOG_COMPILER_APPICON_NAME = AppIcon;
				CODE_SIGN_STYLE = Automatic;
				DEVELOPMENT_TEAM = GD658M2VWU;
				INFOPLIST_FILE = twidere/Info.plist;
				IPHONEOS_DEPLOYMENT_TARGET = 12.0;
				LD_RUNPATH_SEARCH_PATHS = (
					"$(inherited)",
					"@executable_path/Frameworks",
				);
				PRODUCT_BUNDLE_IDENTIFIER = com.sinyuk.twidere;
				PRODUCT_NAME = "$(TARGET_NAME)";
				SWIFT_VERSION = 4.2;
				TARGETED_DEVICE_FAMILY = 1;
			};
			name = Debug;
		};
		7EBCF45321256BDE002B96ED /* Release */ = {
			isa = XCBuildConfiguration;
			baseConfigurationReference = DE6FD7B812B856AF3BEE80A7 /* Pods-twidere.release.xcconfig */;
			buildSettings = {
				ASSETCATALOG_COMPILER_APPICON_NAME = AppIcon;
				CODE_SIGN_STYLE = Automatic;
				DEVELOPMENT_TEAM = GD658M2VWU;
				INFOPLIST_FILE = twidere/Info.plist;
				IPHONEOS_DEPLOYMENT_TARGET = 12.0;
				LD_RUNPATH_SEARCH_PATHS = (
					"$(inherited)",
					"@executable_path/Frameworks",
				);
				PRODUCT_BUNDLE_IDENTIFIER = com.sinyuk.twidere;
				PRODUCT_NAME = "$(TARGET_NAME)";
				SWIFT_VERSION = 4.2;
				TARGETED_DEVICE_FAMILY = 1;
			};
			name = Release;
		};
		7EBCF45521256BDE002B96ED /* Debug */ = {
			isa = XCBuildConfiguration;
			buildSettings = {
				ALWAYS_EMBED_SWIFT_STANDARD_LIBRARIES = YES;
				BUNDLE_LOADER = "$(TEST_HOST)";
				CODE_SIGN_STYLE = Automatic;
				DEVELOPMENT_TEAM = GD658M2VWU;
				INFOPLIST_FILE = twidereTests/Info.plist;
				LD_RUNPATH_SEARCH_PATHS = (
					"$(inherited)",
					"@executable_path/Frameworks",
					"@loader_path/Frameworks",
				);
				PRODUCT_BUNDLE_IDENTIFIER = com.sinyuk.twidereTests;
				PRODUCT_NAME = "$(TARGET_NAME)";
				SWIFT_VERSION = 4.0;
				TARGETED_DEVICE_FAMILY = "1,2";
				TEST_HOST = "$(BUILT_PRODUCTS_DIR)/Twidere.temp_caseinsensitive_rename.app/Twidere.temp_caseinsensitive_rename";
			};
			name = Debug;
		};
		7EBCF45621256BDE002B96ED /* Release */ = {
			isa = XCBuildConfiguration;
			buildSettings = {
				ALWAYS_EMBED_SWIFT_STANDARD_LIBRARIES = YES;
				BUNDLE_LOADER = "$(TEST_HOST)";
				CODE_SIGN_STYLE = Automatic;
				DEVELOPMENT_TEAM = GD658M2VWU;
				INFOPLIST_FILE = twidereTests/Info.plist;
				LD_RUNPATH_SEARCH_PATHS = (
					"$(inherited)",
					"@executable_path/Frameworks",
					"@loader_path/Frameworks",
				);
				PRODUCT_BUNDLE_IDENTIFIER = com.sinyuk.twidereTests;
				PRODUCT_NAME = "$(TARGET_NAME)";
				SWIFT_VERSION = 4.0;
				TARGETED_DEVICE_FAMILY = "1,2";
				TEST_HOST = "$(BUILT_PRODUCTS_DIR)/Twidere.temp_caseinsensitive_rename.app/Twidere.temp_caseinsensitive_rename";
			};
			name = Release;
		};
		7EBCF45821256BDE002B96ED /* Debug */ = {
			isa = XCBuildConfiguration;
			buildSettings = {
				ALWAYS_EMBED_SWIFT_STANDARD_LIBRARIES = YES;
				CODE_SIGN_STYLE = Automatic;
				DEVELOPMENT_TEAM = GD658M2VWU;
				INFOPLIST_FILE = twidereUITests/Info.plist;
				LD_RUNPATH_SEARCH_PATHS = (
					"$(inherited)",
					"@executable_path/Frameworks",
					"@loader_path/Frameworks",
				);
				PRODUCT_BUNDLE_IDENTIFIER = com.sinyuk.twidereUITests;
				PRODUCT_NAME = "$(TARGET_NAME)";
				SWIFT_VERSION = 4.0;
				TARGETED_DEVICE_FAMILY = "1,2";
				TEST_TARGET_NAME = twidere;
			};
			name = Debug;
		};
		7EBCF45921256BDE002B96ED /* Release */ = {
			isa = XCBuildConfiguration;
			buildSettings = {
				ALWAYS_EMBED_SWIFT_STANDARD_LIBRARIES = YES;
				CODE_SIGN_STYLE = Automatic;
				DEVELOPMENT_TEAM = GD658M2VWU;
				INFOPLIST_FILE = twidereUITests/Info.plist;
				LD_RUNPATH_SEARCH_PATHS = (
					"$(inherited)",
					"@executable_path/Frameworks",
					"@loader_path/Frameworks",
				);
				PRODUCT_BUNDLE_IDENTIFIER = com.sinyuk.twidereUITests;
				PRODUCT_NAME = "$(TARGET_NAME)";
				SWIFT_VERSION = 4.0;
				TARGETED_DEVICE_FAMILY = "1,2";
				TEST_TARGET_NAME = twidere;
			};
			name = Release;
		};
/* End XCBuildConfiguration section */

/* Begin XCConfigurationList section */
		7EBCF42421256BDC002B96ED /* Build configuration list for PBXProject "Twidere" */ = {
			isa = XCConfigurationList;
			buildConfigurations = (
				7EBCF44F21256BDE002B96ED /* Debug */,
				7EBCF45021256BDE002B96ED /* Release */,
			);
			defaultConfigurationIsVisible = 0;
			defaultConfigurationName = Release;
		};
		7EBCF45121256BDE002B96ED /* Build configuration list for PBXNativeTarget "twidere" */ = {
			isa = XCConfigurationList;
			buildConfigurations = (
				7EBCF45221256BDE002B96ED /* Debug */,
				7EBCF45321256BDE002B96ED /* Release */,
			);
			defaultConfigurationIsVisible = 0;
			defaultConfigurationName = Release;
		};
		7EBCF45421256BDE002B96ED /* Build configuration list for PBXNativeTarget "twidereTests" */ = {
			isa = XCConfigurationList;
			buildConfigurations = (
				7EBCF45521256BDE002B96ED /* Debug */,
				7EBCF45621256BDE002B96ED /* Release */,
			);
			defaultConfigurationIsVisible = 0;
			defaultConfigurationName = Release;
		};
		7EBCF45721256BDE002B96ED /* Build configuration list for PBXNativeTarget "twidereUITests" */ = {
			isa = XCConfigurationList;
			buildConfigurations = (
				7EBCF45821256BDE002B96ED /* Debug */,
				7EBCF45921256BDE002B96ED /* Release */,
			);
			defaultConfigurationIsVisible = 0;
			defaultConfigurationName = Release;
		};
/* End XCConfigurationList section */
	};
	rootObject = 7EBCF42121256BDC002B96ED /* Project object */;
}
