// !$*UTF8*$!
{
	archiveVersion = 1;
	classes = {
	};
	objectVersion = 50;
	objects = {

/* Begin PBXBuildFile section */
		6AF8F12294DF34F0D77C096B /* Pods_twidere.framework in Frameworks */ = {isa = PBXBuildFile; fileRef = 644AF7DD7719663A36AAD8A9 /* Pods_twidere.framework */; };
		7E0D27B821548E3A00D67DE9 /* CC.framework in Frameworks */ = {isa = PBXBuildFile; fileRef = 7E0D278E21548C2800D67DE9 /* CC.framework */; };
		7E0D27BD215490D200D67DE9 /* ScaledFont.swift in Sources */ = {isa = PBXBuildFile; fileRef = 7E0D27BA215490D200D67DE9 /* ScaledFont.swift */; };
		7E0D27BE215490D200D67DE9 /* Font+Ext.swift in Sources */ = {isa = PBXBuildFile; fileRef = 7E0D27BB215490D200D67DE9 /* Font+Ext.swift */; };
		7E0D27BF215490D200D67DE9 /* IconFont+Ext.swift in Sources */ = {isa = PBXBuildFile; fileRef = 7E0D27BC215490D200D67DE9 /* IconFont+Ext.swift */; };
		7E0D27C2215490E400D67DE9 /* SwitchMenuCell.swift in Sources */ = {isa = PBXBuildFile; fileRef = 7E0D27C1215490E300D67DE9 /* SwitchMenuCell.swift */; };
		7E11A2B8215203AA00F2AFDC /* SettingsReducer.swift in Sources */ = {isa = PBXBuildFile; fileRef = 7E11A2B7215203AA00F2AFDC /* SettingsReducer.swift */; };
		7E11A3082152201000F2AFDC /* SwiftTheme.framework in Frameworks */ = {isa = PBXBuildFile; fileRef = 7E11A3032152194C00F2AFDC /* SwiftTheme.framework */; };
		7E11A30D2152222500F2AFDC /* AppTheme.swift in Sources */ = {isa = PBXBuildFile; fileRef = 7E11A30C2152222500F2AFDC /* AppTheme.swift */; };
		7E11A30F2152224F00F2AFDC /* ThemeCell.swift in Sources */ = {isa = PBXBuildFile; fileRef = 7E11A30E2152224F00F2AFDC /* ThemeCell.swift */; };
		7E11A3112152226A00F2AFDC /* ThemeViewController.swift in Sources */ = {isa = PBXBuildFile; fileRef = 7E11A3102152226A00F2AFDC /* ThemeViewController.swift */; };
		7E11A32D2152240500F2AFDC /* IconFont.framework in Frameworks */ = {isa = PBXBuildFile; fileRef = 7E11A32C215222F100F2AFDC /* IconFont.framework */; };
		7E1D95D52159F88F005B4B8F /* Preferences.plist in Resources */ = {isa = PBXBuildFile; fileRef = 7E1D95D42159F88F005B4B8F /* Preferences.plist */; };
		7E1D95E2215B8E65005B4B8F /* Actions.strings in Resources */ = {isa = PBXBuildFile; fileRef = 7E1D95E0215B8E65005B4B8F /* Actions.strings */; };
		7E1D95E9215B8EEE005B4B8F /* Sources.strings in Resources */ = {isa = PBXBuildFile; fileRef = 7E1D95E7215B8EEE005B4B8F /* Sources.strings */; };
		7E1D95F8215CA9E5005B4B8F /* Constants.swift in Sources */ = {isa = PBXBuildFile; fileRef = 7E1D95F7215CA9E5005B4B8F /* Constants.swift */; };
		7E7773E02150FA220081BCB2 /* OthersViewController.swift in Sources */ = {isa = PBXBuildFile; fileRef = 7E7773DF2150FA220081BCB2 /* OthersViewController.swift */; };
		7E7773E2215114040081BCB2 /* Language+Ext.swift in Sources */ = {isa = PBXBuildFile; fileRef = 7E7773E1215114040081BCB2 /* Language+Ext.swift */; };
		7E871B24216C53F700C30876 /* Configuration.swift in Sources */ = {isa = PBXBuildFile; fileRef = 7E871B23216C53F700C30876 /* Configuration.swift */; };
		7E871B2C216C7BFA00C30876 /* AppsTableViewController.swift in Sources */ = {isa = PBXBuildFile; fileRef = 7E871B2B216C7BFA00C30876 /* AppsTableViewController.swift */; };
		7E921E3F215E2F880066DA37 /* Authorize.framework in Frameworks */ = {isa = PBXBuildFile; fileRef = 7EEC7895215E18CC00B30B91 /* Authorize.framework */; };
		7E921E46215E2FE40066DA37 /* SignInViewController.swift in Sources */ = {isa = PBXBuildFile; fileRef = 7E921E45215E2FE40066DA37 /* SignInViewController.swift */; };
		7E921E56215F4B670066DA37 /* Account.swift in Sources */ = {isa = PBXBuildFile; fileRef = 7E921E55215F4B670066DA37 /* Account.swift */; };
		7E934DAA214B956300FBE203 /* State.swift in Sources */ = {isa = PBXBuildFile; fileRef = 7E934DA9214B956300FBE203 /* State.swift */; };
		7E934DAC214BA4BA00FBE203 /* UINavigationController+Ext.swift in Sources */ = {isa = PBXBuildFile; fileRef = 7E934DAB214BA4BA00FBE203 /* UINavigationController+Ext.swift */; };
		7E934DAE214BA5E700FBE203 /* Routes.swift in Sources */ = {isa = PBXBuildFile; fileRef = 7E934DAD214BA5E700FBE203 /* Routes.swift */; };
		7EA94BFB2133C79400C6E8D9 /* FontNameViewController.swift in Sources */ = {isa = PBXBuildFile; fileRef = 7EA94BFA2133C79400C6E8D9 /* FontNameViewController.swift */; };
		7EBCF42D21256BDC002B96ED /* AppDelegate.swift in Sources */ = {isa = PBXBuildFile; fileRef = 7EBCF42C21256BDC002B96ED /* AppDelegate.swift */; };
		7EBCF43421256BDE002B96ED /* Assets.xcassets in Resources */ = {isa = PBXBuildFile; fileRef = 7EBCF43321256BDE002B96ED /* Assets.xcassets */; };
		7EBCF45C212571B3002B96ED /* SettingsTabViewController.swift in Sources */ = {isa = PBXBuildFile; fileRef = 7EBCF45B212571B3002B96ED /* SettingsTabViewController.swift */; };
		7ECD425A2127D8F600C2CDFA /* TabItemsProvider.swift in Sources */ = {isa = PBXBuildFile; fileRef = 7ECD42592127D8F600C2CDFA /* TabItemsProvider.swift */; };
		7ECD425F2127D9C400C2CDFA /* Dimension.swift in Sources */ = {isa = PBXBuildFile; fileRef = 7ECD425E2127D9C400C2CDFA /* Dimension.swift */; };
		7ECD427E212AB6A400C2CDFA /* Classic.plist in Resources */ = {isa = PBXBuildFile; fileRef = 7ECD427D212AB6A400C2CDFA /* Classic.plist */; };
		7ECD4280212ABCBE00C2CDFA /* PinkPower.plist in Resources */ = {isa = PBXBuildFile; fileRef = 7ECD427F212ABCBE00C2CDFA /* PinkPower.plist */; };
		7ECD4286212BF1AF00C2CDFA /* DisplayViewController.swift in Sources */ = {isa = PBXBuildFile; fileRef = 7ECD4285212BF1AF00C2CDFA /* DisplayViewController.swift */; };
		7ECD4288212BF39D00C2CDFA /* StaticFeedCell.swift in Sources */ = {isa = PBXBuildFile; fileRef = 7ECD4287212BF39D00C2CDFA /* StaticFeedCell.swift */; };
		7ECD428A212BF45200C2CDFA /* FontSizeCell.swift in Sources */ = {isa = PBXBuildFile; fileRef = 7ECD4289212BF45200C2CDFA /* FontSizeCell.swift */; };
		7ECD428E212C244000C2CDFA /* ScreenNameLabel.swift in Sources */ = {isa = PBXBuildFile; fileRef = 7ECD428D212C244000C2CDFA /* ScreenNameLabel.swift */; };
		7ECD4292212C609400C2CDFA /* AvatarImageView.swift in Sources */ = {isa = PBXBuildFile; fileRef = 7ECD4291212C609400C2CDFA /* AvatarImageView.swift */; };
		7ECD4294212C60F000C2CDFA /* IdLabel.swift in Sources */ = {isa = PBXBuildFile; fileRef = 7ECD4293212C60F000C2CDFA /* IdLabel.swift */; };
		7ECD4296212C611700C2CDFA /* ContentTextView.swift in Sources */ = {isa = PBXBuildFile; fileRef = 7ECD4295212C611700C2CDFA /* ContentTextView.swift */; };
		7ECD429E212DCB8600C2CDFA /* SourceCell.swift in Sources */ = {isa = PBXBuildFile; fileRef = 7ECD429D212DCB8600C2CDFA /* SourceCell.swift */; };
		7ECD42A7212E987E00C2CDFA /* SettingsNavViewController.swift in Sources */ = {isa = PBXBuildFile; fileRef = 7ECD42A6212E987E00C2CDFA /* SettingsNavViewController.swift */; };
		7ECD42B1212FE04700C2CDFA /* SourceViewController.swift in Sources */ = {isa = PBXBuildFile; fileRef = 7ECD42B0212FE04700C2CDFA /* SourceViewController.swift */; };
		7ECD42B3212FE2DF00C2CDFA /* EditSourceController.swift in Sources */ = {isa = PBXBuildFile; fileRef = 7ECD42B2212FE2DF00C2CDFA /* EditSourceController.swift */; };
		7ECD42B72130179900C2CDFA /* SourceEdit+Ext.swift in Sources */ = {isa = PBXBuildFile; fileRef = 7ECD42B62130179900C2CDFA /* SourceEdit+Ext.swift */; };
		7ECD42B921301E9000C2CDFA /* Noteworthy.plist in Resources */ = {isa = PBXBuildFile; fileRef = 7ECD42B821301E9000C2CDFA /* Noteworthy.plist */; };
		7ED0D239213FA70F008C9993 /* SelectedFontCell.swift in Sources */ = {isa = PBXBuildFile; fileRef = 7ED0D238213FA70F008C9993 /* SelectedFontCell.swift */; };
		7ED0D23B213FB3C0008C9993 /* Source.swift in Sources */ = {isa = PBXBuildFile; fileRef = 7ED0D23A213FB3C0008C9993 /* Source.swift */; };
		7ED0D23D2142296B008C9993 /* NewPopMenu+Ext.swift in Sources */ = {isa = PBXBuildFile; fileRef = 7ED0D23C2142296B008C9993 /* NewPopMenu+Ext.swift */; };
		7ED2DBB1214A362200164B20 /* SettingsState.swift in Sources */ = {isa = PBXBuildFile; fileRef = 7ED2DBB0214A362200164B20 /* SettingsState.swift */; };
		7EEC7864215E185700B30B91 /* twidereTests.swift in Sources */ = {isa = PBXBuildFile; fileRef = 7EEC7863215E185700B30B91 /* twidereTests.swift */; };
		7EF2C9482154B8E6000E09B4 /* LaunchScreen.storyboard in Resources */ = {isa = PBXBuildFile; fileRef = 7EF2C9462154B8E6000E09B4 /* LaunchScreen.storyboard */; };
		7EF2C94B2154B8FB000E09B4 /* Localizable.strings in Resources */ = {isa = PBXBuildFile; fileRef = 7EF2C9492154B8FB000E09B4 /* Localizable.strings */; };
		7EF2C9982154C3B9000E09B4 /* Localize.framework in Frameworks */ = {isa = PBXBuildFile; fileRef = 7EF2C98E2154C349000E09B4 /* Localize.framework */; };
		7EFCA6A721352F3800DE22AD /* AppReducer.swift in Sources */ = {isa = PBXBuildFile; fileRef = 7EFCA6A621352F3800DE22AD /* AppReducer.swift */; };
/* End PBXBuildFile section */

/* Begin PBXContainerItemProxy section */
		7E0D278D21548C2800D67DE9 /* PBXContainerItemProxy */ = {
			isa = PBXContainerItemProxy;
			containerPortal = 7E0D278921548C2700D67DE9 /* CC.xcodeproj */;
			proxyType = 2;
			remoteGlobalIDString = 7E0D277E21548C2700D67DE9;
			remoteInfo = CC;
		};
		7E11A3022152194C00F2AFDC /* PBXContainerItemProxy */ = {
			isa = PBXContainerItemProxy;
			containerPortal = 7E11A2FE2152194B00F2AFDC /* SwiftTheme.xcodeproj */;
			proxyType = 2;
			remoteGlobalIDString = 7E11A2F32152194B00F2AFDC;
			remoteInfo = SwiftTheme;
		};
		7E11A32B215222F100F2AFDC /* PBXContainerItemProxy */ = {
			isa = PBXContainerItemProxy;
			containerPortal = 7E11A327215222F100F2AFDC /* IconFont.xcodeproj */;
			proxyType = 2;
			remoteGlobalIDString = 7E11A31C215222F000F2AFDC;
			remoteInfo = IconFont;
		};
		7EEC7866215E185700B30B91 /* PBXContainerItemProxy */ = {
			isa = PBXContainerItemProxy;
			containerPortal = 7EBCF42121256BDC002B96ED /* Project object */;
			proxyType = 1;
			remoteGlobalIDString = 7EBCF42821256BDC002B96ED;
			remoteInfo = twidere;
		};
		7EEC7894215E18CC00B30B91 /* PBXContainerItemProxy */ = {
			isa = PBXContainerItemProxy;
			containerPortal = 7EEC788F215E18B100B30B91 /* Authorize.xcodeproj */;
			proxyType = 2;
			remoteGlobalIDString = 7EEC7875215E18B100B30B91;
			remoteInfo = Authorize;
		};
		7EEC7896215E18CC00B30B91 /* PBXContainerItemProxy */ = {
			isa = PBXContainerItemProxy;
			containerPortal = 7EEC788F215E18B100B30B91 /* Authorize.xcodeproj */;
			proxyType = 2;
			remoteGlobalIDString = 7EEC787E215E18B100B30B91;
			remoteInfo = AuthorizeTests;
		};
		7EF2C98D2154C349000E09B4 /* PBXContainerItemProxy */ = {
			isa = PBXContainerItemProxy;
			containerPortal = 7EF2C9892154C348000E09B4 /* Localize.xcodeproj */;
			proxyType = 2;
			remoteGlobalIDString = 7EF2C97E2154C348000E09B4;
			remoteInfo = Localize;
		};
/* End PBXContainerItemProxy section */

/* Begin PBXFileReference section */
		359D91D27CE74F1F59540E36 /* Pods-twidere.debug.xcconfig */ = {isa = PBXFileReference; includeInIndex = 1; lastKnownFileType = text.xcconfig; name = "Pods-twidere.debug.xcconfig"; path = "Target Support Files/Pods-twidere/Pods-twidere.debug.xcconfig"; sourceTree = "<group>"; };
		644AF7DD7719663A36AAD8A9 /* Pods_twidere.framework */ = {isa = PBXFileReference; explicitFileType = wrapper.framework; includeInIndex = 0; path = Pods_twidere.framework; sourceTree = BUILT_PRODUCTS_DIR; };
		7E0D278921548C2700D67DE9 /* CC.xcodeproj */ = {isa = PBXFileReference; lastKnownFileType = "wrapper.pb-project"; name = CC.xcodeproj; path = CC/CC.xcodeproj; sourceTree = "<group>"; };
		7E0D27BA215490D200D67DE9 /* ScaledFont.swift */ = {isa = PBXFileReference; fileEncoding = 4; lastKnownFileType = sourcecode.swift; path = ScaledFont.swift; sourceTree = "<group>"; };
		7E0D27BB215490D200D67DE9 /* Font+Ext.swift */ = {isa = PBXFileReference; fileEncoding = 4; lastKnownFileType = sourcecode.swift; path = "Font+Ext.swift"; sourceTree = "<group>"; };
		7E0D27BC215490D200D67DE9 /* IconFont+Ext.swift */ = {isa = PBXFileReference; fileEncoding = 4; lastKnownFileType = sourcecode.swift; path = "IconFont+Ext.swift"; sourceTree = "<group>"; };
		7E0D27C1215490E300D67DE9 /* SwitchMenuCell.swift */ = {isa = PBXFileReference; fileEncoding = 4; lastKnownFileType = sourcecode.swift; path = SwitchMenuCell.swift; sourceTree = "<group>"; };
		7E11A2B7215203AA00F2AFDC /* SettingsReducer.swift */ = {isa = PBXFileReference; lastKnownFileType = sourcecode.swift; path = SettingsReducer.swift; sourceTree = "<group>"; };
		7E11A2FE2152194B00F2AFDC /* SwiftTheme.xcodeproj */ = {isa = PBXFileReference; lastKnownFileType = "wrapper.pb-project"; name = SwiftTheme.xcodeproj; path = SwiftTheme/SwiftTheme.xcodeproj; sourceTree = "<group>"; };
		7E11A30C2152222500F2AFDC /* AppTheme.swift */ = {isa = PBXFileReference; lastKnownFileType = sourcecode.swift; path = AppTheme.swift; sourceTree = "<group>"; };
		7E11A30E2152224F00F2AFDC /* ThemeCell.swift */ = {isa = PBXFileReference; lastKnownFileType = sourcecode.swift; path = ThemeCell.swift; sourceTree = "<group>"; };
		7E11A3102152226A00F2AFDC /* ThemeViewController.swift */ = {isa = PBXFileReference; lastKnownFileType = sourcecode.swift; path = ThemeViewController.swift; sourceTree = "<group>"; };
		7E11A327215222F100F2AFDC /* IconFont.xcodeproj */ = {isa = PBXFileReference; lastKnownFileType = "wrapper.pb-project"; name = IconFont.xcodeproj; path = IconFont/IconFont.xcodeproj; sourceTree = "<group>"; };
		7E1D95D42159F88F005B4B8F /* Preferences.plist */ = {isa = PBXFileReference; lastKnownFileType = text.plist.xml; path = Preferences.plist; sourceTree = "<group>"; };
		7E1D95E1215B8E65005B4B8F /* Base */ = {isa = PBXFileReference; lastKnownFileType = text.plist.strings; name = Base; path = Base.lproj/Actions.strings; sourceTree = "<group>"; };
		7E1D95E3215B8E6F005B4B8F /* ja */ = {isa = PBXFileReference; lastKnownFileType = text.plist.strings; name = ja; path = ja.lproj/Actions.strings; sourceTree = "<group>"; };
		7E1D95E4215B8E78005B4B8F /* zh-Hans */ = {isa = PBXFileReference; lastKnownFileType = text.plist.strings; name = "zh-Hans"; path = "zh-Hans.lproj/Actions.strings"; sourceTree = "<group>"; };
		7E1D95E8215B8EEE005B4B8F /* zh-Hans */ = {isa = PBXFileReference; lastKnownFileType = text.plist.strings; name = "zh-Hans"; path = "zh-Hans.lproj/Sources.strings"; sourceTree = "<group>"; };
		7E1D95EA215B8EF7005B4B8F /* ja */ = {isa = PBXFileReference; lastKnownFileType = text.plist.strings; name = ja; path = ja.lproj/Sources.strings; sourceTree = "<group>"; };
		7E1D95EB215B8EFF005B4B8F /* Base */ = {isa = PBXFileReference; lastKnownFileType = text.plist.strings; name = Base; path = Base.lproj/Sources.strings; sourceTree = "<group>"; };
		7E1D95F7215CA9E5005B4B8F /* Constants.swift */ = {isa = PBXFileReference; lastKnownFileType = sourcecode.swift; path = Constants.swift; sourceTree = "<group>"; };
		7E7773DF2150FA220081BCB2 /* OthersViewController.swift */ = {isa = PBXFileReference; lastKnownFileType = sourcecode.swift; path = OthersViewController.swift; sourceTree = "<group>"; };
		7E7773E1215114040081BCB2 /* Language+Ext.swift */ = {isa = PBXFileReference; lastKnownFileType = sourcecode.swift; path = "Language+Ext.swift"; sourceTree = "<group>"; };
		7E871B23216C53F700C30876 /* Configuration.swift */ = {isa = PBXFileReference; lastKnownFileType = sourcecode.swift; path = Configuration.swift; sourceTree = "<group>"; };
		7E871B2B216C7BFA00C30876 /* AppsTableViewController.swift */ = {isa = PBXFileReference; lastKnownFileType = sourcecode.swift; path = AppsTableViewController.swift; sourceTree = "<group>"; };
		7E921E45215E2FE40066DA37 /* SignInViewController.swift */ = {isa = PBXFileReference; lastKnownFileType = sourcecode.swift; path = SignInViewController.swift; sourceTree = "<group>"; };
		7E921E55215F4B670066DA37 /* Account.swift */ = {isa = PBXFileReference; lastKnownFileType = sourcecode.swift; path = Account.swift; sourceTree = "<group>"; };
		7E934DA9214B956300FBE203 /* State.swift */ = {isa = PBXFileReference; lastKnownFileType = sourcecode.swift; path = State.swift; sourceTree = "<group>"; };
		7E934DAB214BA4BA00FBE203 /* UINavigationController+Ext.swift */ = {isa = PBXFileReference; lastKnownFileType = sourcecode.swift; path = "UINavigationController+Ext.swift"; sourceTree = "<group>"; };
		7E934DAD214BA5E700FBE203 /* Routes.swift */ = {isa = PBXFileReference; lastKnownFileType = sourcecode.swift; path = Routes.swift; sourceTree = "<group>"; };
		7EA94BFA2133C79400C6E8D9 /* FontNameViewController.swift */ = {isa = PBXFileReference; lastKnownFileType = sourcecode.swift; path = FontNameViewController.swift; sourceTree = "<group>"; };
		7EBCF42921256BDC002B96ED /* twidere.app */ = {isa = PBXFileReference; explicitFileType = wrapper.application; includeInIndex = 0; path = twidere.app; sourceTree = BUILT_PRODUCTS_DIR; };
		7EBCF42C21256BDC002B96ED /* AppDelegate.swift */ = {isa = PBXFileReference; lastKnownFileType = sourcecode.swift; path = AppDelegate.swift; sourceTree = "<group>"; };
		7EBCF43321256BDE002B96ED /* Assets.xcassets */ = {isa = PBXFileReference; lastKnownFileType = folder.assetcatalog; path = Assets.xcassets; sourceTree = "<group>"; };
		7EBCF43821256BDE002B96ED /* Info.plist */ = {isa = PBXFileReference; lastKnownFileType = text.plist.xml; path = Info.plist; sourceTree = "<group>"; };
		7EBCF45B212571B3002B96ED /* SettingsTabViewController.swift */ = {isa = PBXFileReference; lastKnownFileType = sourcecode.swift; path = SettingsTabViewController.swift; sourceTree = "<group>"; };
		7ECD42592127D8F600C2CDFA /* TabItemsProvider.swift */ = {isa = PBXFileReference; lastKnownFileType = sourcecode.swift; path = TabItemsProvider.swift; sourceTree = "<group>"; };
		7ECD425E2127D9C400C2CDFA /* Dimension.swift */ = {isa = PBXFileReference; lastKnownFileType = sourcecode.swift; path = Dimension.swift; sourceTree = "<group>"; };
		7ECD427D212AB6A400C2CDFA /* Classic.plist */ = {isa = PBXFileReference; lastKnownFileType = text.plist.xml; path = Classic.plist; sourceTree = "<group>"; };
		7ECD427F212ABCBE00C2CDFA /* PinkPower.plist */ = {isa = PBXFileReference; lastKnownFileType = text.plist.xml; path = PinkPower.plist; sourceTree = "<group>"; };
		7ECD4285212BF1AF00C2CDFA /* DisplayViewController.swift */ = {isa = PBXFileReference; lastKnownFileType = sourcecode.swift; path = DisplayViewController.swift; sourceTree = "<group>"; };
		7ECD4287212BF39D00C2CDFA /* StaticFeedCell.swift */ = {isa = PBXFileReference; lastKnownFileType = sourcecode.swift; path = StaticFeedCell.swift; sourceTree = "<group>"; };
		7ECD4289212BF45200C2CDFA /* FontSizeCell.swift */ = {isa = PBXFileReference; lastKnownFileType = sourcecode.swift; path = FontSizeCell.swift; sourceTree = "<group>"; };
		7ECD428D212C244000C2CDFA /* ScreenNameLabel.swift */ = {isa = PBXFileReference; lastKnownFileType = sourcecode.swift; path = ScreenNameLabel.swift; sourceTree = "<group>"; };
		7ECD4291212C609400C2CDFA /* AvatarImageView.swift */ = {isa = PBXFileReference; lastKnownFileType = sourcecode.swift; path = AvatarImageView.swift; sourceTree = "<group>"; };
		7ECD4293212C60F000C2CDFA /* IdLabel.swift */ = {isa = PBXFileReference; lastKnownFileType = sourcecode.swift; path = IdLabel.swift; sourceTree = "<group>"; };
		7ECD4295212C611700C2CDFA /* ContentTextView.swift */ = {isa = PBXFileReference; lastKnownFileType = sourcecode.swift; path = ContentTextView.swift; sourceTree = "<group>"; };
		7ECD429D212DCB8600C2CDFA /* SourceCell.swift */ = {isa = PBXFileReference; lastKnownFileType = sourcecode.swift; path = SourceCell.swift; sourceTree = "<group>"; };
		7ECD42A6212E987E00C2CDFA /* SettingsNavViewController.swift */ = {isa = PBXFileReference; lastKnownFileType = sourcecode.swift; path = SettingsNavViewController.swift; sourceTree = "<group>"; };
		7ECD42B0212FE04700C2CDFA /* SourceViewController.swift */ = {isa = PBXFileReference; lastKnownFileType = sourcecode.swift; path = SourceViewController.swift; sourceTree = "<group>"; };
		7ECD42B2212FE2DF00C2CDFA /* EditSourceController.swift */ = {isa = PBXFileReference; lastKnownFileType = sourcecode.swift; path = EditSourceController.swift; sourceTree = "<group>"; };
		7ECD42B62130179900C2CDFA /* SourceEdit+Ext.swift */ = {isa = PBXFileReference; lastKnownFileType = sourcecode.swift; path = "SourceEdit+Ext.swift"; sourceTree = "<group>"; };
		7ECD42B821301E9000C2CDFA /* Noteworthy.plist */ = {isa = PBXFileReference; lastKnownFileType = text.plist.xml; path = Noteworthy.plist; sourceTree = "<group>"; };
		7ED0D238213FA70F008C9993 /* SelectedFontCell.swift */ = {isa = PBXFileReference; lastKnownFileType = sourcecode.swift; path = SelectedFontCell.swift; sourceTree = "<group>"; };
		7ED0D23A213FB3C0008C9993 /* Source.swift */ = {isa = PBXFileReference; lastKnownFileType = sourcecode.swift; path = Source.swift; sourceTree = "<group>"; };
		7ED0D23C2142296B008C9993 /* NewPopMenu+Ext.swift */ = {isa = PBXFileReference; lastKnownFileType = sourcecode.swift; path = "NewPopMenu+Ext.swift"; sourceTree = "<group>"; };
		7ED2DBB0214A362200164B20 /* SettingsState.swift */ = {isa = PBXFileReference; lastKnownFileType = sourcecode.swift; path = SettingsState.swift; sourceTree = "<group>"; };
		7EEC7861215E185700B30B91 /* twidereTests.xctest */ = {isa = PBXFileReference; explicitFileType = wrapper.cfbundle; includeInIndex = 0; path = twidereTests.xctest; sourceTree = BUILT_PRODUCTS_DIR; };
		7EEC7863215E185700B30B91 /* twidereTests.swift */ = {isa = PBXFileReference; lastKnownFileType = sourcecode.swift; path = twidereTests.swift; sourceTree = "<group>"; };
		7EEC7865215E185700B30B91 /* Info.plist */ = {isa = PBXFileReference; lastKnownFileType = text.plist.xml; path = Info.plist; sourceTree = "<group>"; };
		7EEC788F215E18B100B30B91 /* Authorize.xcodeproj */ = {isa = PBXFileReference; lastKnownFileType = "wrapper.pb-project"; name = Authorize.xcodeproj; path = Authorize/Authorize.xcodeproj; sourceTree = "<group>"; };
		7EF2C9472154B8E6000E09B4 /* Base */ = {isa = PBXFileReference; lastKnownFileType = file.storyboard; name = Base; path = Base.lproj/LaunchScreen.storyboard; sourceTree = "<group>"; };
		7EF2C94A2154B8FB000E09B4 /* Base */ = {isa = PBXFileReference; lastKnownFileType = text.plist.strings; name = Base; path = Base.lproj/Localizable.strings; sourceTree = "<group>"; };
		7EF2C94C2154B925000E09B4 /* zh-Hans */ = {isa = PBXFileReference; lastKnownFileType = text.plist.strings; name = "zh-Hans"; path = "zh-Hans.lproj/LaunchScreen.strings"; sourceTree = "<group>"; };
		7EF2C94D2154B925000E09B4 /* zh-Hans */ = {isa = PBXFileReference; lastKnownFileType = text.plist.strings; name = "zh-Hans"; path = "zh-Hans.lproj/Localizable.strings"; sourceTree = "<group>"; };
		7EF2C94E2154BAB9000E09B4 /* ja */ = {isa = PBXFileReference; lastKnownFileType = text.plist.strings; name = ja; path = ja.lproj/LaunchScreen.strings; sourceTree = "<group>"; };
		7EF2C94F2154BAB9000E09B4 /* ja */ = {isa = PBXFileReference; lastKnownFileType = text.plist.strings; name = ja; path = ja.lproj/Localizable.strings; sourceTree = "<group>"; };
		7EF2C9892154C348000E09B4 /* Localize.xcodeproj */ = {isa = PBXFileReference; lastKnownFileType = "wrapper.pb-project"; name = Localize.xcodeproj; path = Localize/Localize.xcodeproj; sourceTree = "<group>"; };
		7EFCA6A621352F3800DE22AD /* AppReducer.swift */ = {isa = PBXFileReference; lastKnownFileType = sourcecode.swift; path = AppReducer.swift; sourceTree = "<group>"; };
		DE6FD7B812B856AF3BEE80A7 /* Pods-twidere.release.xcconfig */ = {isa = PBXFileReference; includeInIndex = 1; lastKnownFileType = text.xcconfig; name = "Pods-twidere.release.xcconfig"; path = "Target Support Files/Pods-twidere/Pods-twidere.release.xcconfig"; sourceTree = "<group>"; };
/* End PBXFileReference section */

/* Begin PBXFrameworksBuildPhase section */
		7EBCF42621256BDC002B96ED /* Frameworks */ = {
			isa = PBXFrameworksBuildPhase;
			buildActionMask = 2147483647;
			files = (
				7E921E3F215E2F880066DA37 /* Authorize.framework in Frameworks */,
				7EF2C9982154C3B9000E09B4 /* Localize.framework in Frameworks */,
				7E0D27B821548E3A00D67DE9 /* CC.framework in Frameworks */,
				7E11A32D2152240500F2AFDC /* IconFont.framework in Frameworks */,
				7E11A3082152201000F2AFDC /* SwiftTheme.framework in Frameworks */,
				6AF8F12294DF34F0D77C096B /* Pods_twidere.framework in Frameworks */,
			);
			runOnlyForDeploymentPostprocessing = 0;
		};
		7EEC785E215E185700B30B91 /* Frameworks */ = {
			isa = PBXFrameworksBuildPhase;
			buildActionMask = 2147483647;
			files = (
			);
			runOnlyForDeploymentPostprocessing = 0;
		};
/* End PBXFrameworksBuildPhase section */

/* Begin PBXGroup section */
		3BCC6B20D3CF96CE710C6F7A /* Pods */ = {
			isa = PBXGroup;
			children = (
				359D91D27CE74F1F59540E36 /* Pods-twidere.debug.xcconfig */,
				DE6FD7B812B856AF3BEE80A7 /* Pods-twidere.release.xcconfig */,
			);
			path = Pods;
			sourceTree = "<group>";
		};
		4B494516AD31F0992E46A556 /* Frameworks */ = {
			isa = PBXGroup;
			children = (
				644AF7DD7719663A36AAD8A9 /* Pods_twidere.framework */,
			);
			name = Frameworks;
			sourceTree = "<group>";
		};
		7E0D278A21548C2700D67DE9 /* Products */ = {
			isa = PBXGroup;
			children = (
				7E0D278E21548C2800D67DE9 /* CC.framework */,
			);
			name = Products;
			sourceTree = "<group>";
		};
		7E0D27B9215490D200D67DE9 /* Font */ = {
			isa = PBXGroup;
			children = (
				7E0D27BA215490D200D67DE9 /* ScaledFont.swift */,
				7E0D27BB215490D200D67DE9 /* Font+Ext.swift */,
				7E0D27BC215490D200D67DE9 /* IconFont+Ext.swift */,
			);
			path = Font;
			sourceTree = "<group>";
		};
		7E0D27C0215490E300D67DE9 /* Widgets */ = {
			isa = PBXGroup;
			children = (
				7E0D27C1215490E300D67DE9 /* SwitchMenuCell.swift */,
			);
			path = Widgets;
			sourceTree = "<group>";
		};
		7E11A2FF2152194B00F2AFDC /* Products */ = {
			isa = PBXGroup;
			children = (
				7E11A3032152194C00F2AFDC /* SwiftTheme.framework */,
			);
			name = Products;
			sourceTree = "<group>";
		};
		7E11A30B215221FF00F2AFDC /* Theming */ = {
			isa = PBXGroup;
			children = (
				7E11A30C2152222500F2AFDC /* AppTheme.swift */,
				7E11A30E2152224F00F2AFDC /* ThemeCell.swift */,
				7E11A3102152226A00F2AFDC /* ThemeViewController.swift */,
			);
			path = Theming;
			sourceTree = "<group>";
		};
		7E11A328215222F100F2AFDC /* Products */ = {
			isa = PBXGroup;
			children = (
				7E11A32C215222F100F2AFDC /* IconFont.framework */,
			);
			name = Products;
			sourceTree = "<group>";
		};
		7E1D95F6215CA99D005B4B8F /* Realm */ = {
			isa = PBXGroup;
			children = (
				7E1D95F7215CA9E5005B4B8F /* Constants.swift */,
				7E871B23216C53F700C30876 /* Configuration.swift */,
			);
			path = Realm;
			sourceTree = "<group>";
		};
		7E7773DE2150E1110081BCB2 /* Ohters */ = {
			isa = PBXGroup;
			children = (
				7E7773DF2150FA220081BCB2 /* OthersViewController.swift */,
				7E7773E1215114040081BCB2 /* Language+Ext.swift */,
			);
			path = Ohters;
			sourceTree = "<group>";
		};
		7E921E44215E2FB50066DA37 /* Accout */ = {
			isa = PBXGroup;
			children = (
				7E921E45215E2FE40066DA37 /* SignInViewController.swift */,
			);
			path = Accout;
			sourceTree = "<group>";
		};
		7E921E54215F4B550066DA37 /* Entities */ = {
			isa = PBXGroup;
			children = (
				7E921E55215F4B670066DA37 /* Account.swift */,
				7ED0D23A213FB3C0008C9993 /* Source.swift */,
			);
			path = Entities;
			sourceTree = "<group>";
		};
		7E934DA8214B955400FBE203 /* State */ = {
			isa = PBXGroup;
			children = (
				7E934DA9214B956300FBE203 /* State.swift */,
				7ED2DBB0214A362200164B20 /* SettingsState.swift */,
			);
			path = State;
			sourceTree = "<group>";
		};
		7EBCF42021256BDC002B96ED = {
			isa = PBXGroup;
			children = (
				7E921E54215F4B550066DA37 /* Entities */,
				7E921E44215E2FB50066DA37 /* Accout */,
				7EEC788F215E18B100B30B91 /* Authorize.xcodeproj */,
				7EF2C9892154C348000E09B4 /* Localize.xcodeproj */,
				7E0D278921548C2700D67DE9 /* CC.xcodeproj */,
				7E11A327215222F100F2AFDC /* IconFont.xcodeproj */,
				7E11A2FE2152194B00F2AFDC /* SwiftTheme.xcodeproj */,
				7ECD428F212C606400C2CDFA /* Display */,
				7EEC7862215E185700B30B91 /* twidereTests */,
				4B494516AD31F0992E46A556 /* Frameworks */,
				3BCC6B20D3CF96CE710C6F7A /* Pods */,
				7EBCF42A21256BDC002B96ED /* Products */,
				7EFCA6A521352F2A00DE22AD /* Reducers */,
				7EFCA6A221352ECC00DE22AD /* Routes */,
				7EBCF45A2125714F002B96ED /* Settings */,
				7E934DA8214B955400FBE203 /* State */,
				7EBCF42B21256BDC002B96ED /* Twidere */,
				7E0D27C0215490E300D67DE9 /* Widgets */,
			);
			sourceTree = "<group>";
		};
		7EBCF42A21256BDC002B96ED /* Products */ = {
			isa = PBXGroup;
			children = (
				7EBCF42921256BDC002B96ED /* twidere.app */,
				7EEC7861215E185700B30B91 /* twidereTests.xctest */,
			);
			name = Products;
			sourceTree = "<group>";
		};
		7EBCF42B21256BDC002B96ED /* Twidere */ = {
			isa = PBXGroup;
			children = (
				7E1D95F6215CA99D005B4B8F /* Realm */,
				7E1D95E0215B8E65005B4B8F /* Actions.strings */,
				7EF2C9492154B8FB000E09B4 /* Localizable.strings */,
				7EF2C9462154B8E6000E09B4 /* LaunchScreen.storyboard */,
				7ED0D23C2142296B008C9993 /* NewPopMenu+Ext.swift */,
				7ECD42B821301E9000C2CDFA /* Noteworthy.plist */,
				7ECD427D212AB6A400C2CDFA /* Classic.plist */,
				7ECD427F212ABCBE00C2CDFA /* PinkPower.plist */,
				7EBCF42C21256BDC002B96ED /* AppDelegate.swift */,
				7EBCF43321256BDE002B96ED /* Assets.xcassets */,
				7EBCF43821256BDE002B96ED /* Info.plist */,
				7ECD425E2127D9C400C2CDFA /* Dimension.swift */,
				7E1D95D42159F88F005B4B8F /* Preferences.plist */,
			);
			path = Twidere;
			sourceTree = "<group>";
		};
		7EBCF45A2125714F002B96ED /* Settings */ = {
			isa = PBXGroup;
			children = (
				7ECD429C212DCB3900C2CDFA /* Account */,
				7E0D27B9215490D200D67DE9 /* Font */,
				7E11A30B215221FF00F2AFDC /* Theming */,
				7E7773DE2150E1110081BCB2 /* Ohters */,
				7ECD42592127D8F600C2CDFA /* TabItemsProvider.swift */,
				7EBCF45B212571B3002B96ED /* SettingsTabViewController.swift */,
				7ECD42A6212E987E00C2CDFA /* SettingsNavViewController.swift */,
			);
			path = Settings;
			sourceTree = "<group>";
		};
		7ECD428F212C606400C2CDFA /* Display */ = {
			isa = PBXGroup;
			children = (
				7ECD4285212BF1AF00C2CDFA /* DisplayViewController.swift */,
				7ECD4287212BF39D00C2CDFA /* StaticFeedCell.swift */,
				7ED0D238213FA70F008C9993 /* SelectedFontCell.swift */,
				7ECD4289212BF45200C2CDFA /* FontSizeCell.swift */,
				7EA94BFA2133C79400C6E8D9 /* FontNameViewController.swift */,
				7ECD4290212C606B00C2CDFA /* widgets */,
			);
			path = Display;
			sourceTree = "<group>";
		};
		7ECD4290212C606B00C2CDFA /* widgets */ = {
			isa = PBXGroup;
			children = (
				7ECD428D212C244000C2CDFA /* ScreenNameLabel.swift */,
				7ECD4291212C609400C2CDFA /* AvatarImageView.swift */,
				7ECD4293212C60F000C2CDFA /* IdLabel.swift */,
				7ECD4295212C611700C2CDFA /* ContentTextView.swift */,
			);
			path = widgets;
			sourceTree = "<group>";
		};
		7ECD429C212DCB3900C2CDFA /* Account */ = {
			isa = PBXGroup;
			children = (
				7E1D95E7215B8EEE005B4B8F /* Sources.strings */,
				7ECD429D212DCB8600C2CDFA /* SourceCell.swift */,
				7ECD42B0212FE04700C2CDFA /* SourceViewController.swift */,
				7ECD42B2212FE2DF00C2CDFA /* EditSourceController.swift */,
				7ECD42B62130179900C2CDFA /* SourceEdit+Ext.swift */,
				7E871B2B216C7BFA00C30876 /* AppsTableViewController.swift */,
			);
			path = Account;
			sourceTree = "<group>";
		};
		7EEC7862215E185700B30B91 /* twidereTests */ = {
			isa = PBXGroup;
			children = (
				7EEC7863215E185700B30B91 /* twidereTests.swift */,
				7EEC7865215E185700B30B91 /* Info.plist */,
			);
			path = twidereTests;
			sourceTree = "<group>";
		};
		7EEC7890215E18B100B30B91 /* Products */ = {
			isa = PBXGroup;
			children = (
				7EEC7895215E18CC00B30B91 /* Authorize.framework */,
				7EEC7897215E18CC00B30B91 /* AuthorizeTests.xctest */,
			);
			name = Products;
			sourceTree = "<group>";
		};
		7EF2C98A2154C348000E09B4 /* Products */ = {
			isa = PBXGroup;
			children = (
				7EF2C98E2154C349000E09B4 /* Localize.framework */,
			);
			name = Products;
			sourceTree = "<group>";
		};
		7EFCA6A221352ECC00DE22AD /* Routes */ = {
			isa = PBXGroup;
			children = (
				7E934DAB214BA4BA00FBE203 /* UINavigationController+Ext.swift */,
				7E934DAD214BA5E700FBE203 /* Routes.swift */,
			);
			path = Routes;
			sourceTree = "<group>";
		};
		7EFCA6A521352F2A00DE22AD /* Reducers */ = {
			isa = PBXGroup;
			children = (
				7EFCA6A621352F3800DE22AD /* AppReducer.swift */,
				7E11A2B7215203AA00F2AFDC /* SettingsReducer.swift */,
			);
			path = Reducers;
			sourceTree = "<group>";
		};
/* End PBXGroup section */

/* Begin PBXNativeTarget section */
		7EBCF42821256BDC002B96ED /* twidere */ = {
			isa = PBXNativeTarget;
			buildConfigurationList = 7EBCF45121256BDE002B96ED /* Build configuration list for PBXNativeTarget "twidere" */;
			buildPhases = (
				41D285D9115E1FD3858BDD91 /* [CP] Check Pods Manifest.lock */,
				7EBCF42521256BDC002B96ED /* Sources */,
				7EBCF42621256BDC002B96ED /* Frameworks */,
				7EBCF42721256BDC002B96ED /* Resources */,
				DBF4894B24AA23D32DB0D4AD /* [CP] Embed Pods Frameworks */,
			);
			buildRules = (
			);
			dependencies = (
			);
			name = twidere;
			productName = twidere;
			productReference = 7EBCF42921256BDC002B96ED /* twidere.app */;
			productType = "com.apple.product-type.application";
		};
		7EEC7860215E185700B30B91 /* twidereTests */ = {
			isa = PBXNativeTarget;
			buildConfigurationList = 7EEC7868215E185700B30B91 /* Build configuration list for PBXNativeTarget "twidereTests" */;
			buildPhases = (
				7EEC785D215E185700B30B91 /* Sources */,
				7EEC785E215E185700B30B91 /* Frameworks */,
				7EEC785F215E185700B30B91 /* Resources */,
			);
			buildRules = (
			);
			dependencies = (
				7EEC7867215E185700B30B91 /* PBXTargetDependency */,
			);
			name = twidereTests;
			productName = twidereTests;
			productReference = 7EEC7861215E185700B30B91 /* twidereTests.xctest */;
			productType = "com.apple.product-type.bundle.unit-test";
		};
/* End PBXNativeTarget section */

/* Begin PBXProject section */
		7EBCF42121256BDC002B96ED /* Project object */ = {
			isa = PBXProject;
			attributes = {
				CLASSPREFIX = Sinyuk;
				LastSwiftUpdateCheck = 1000;
				LastUpgradeCheck = 1000;
				ORGANIZATIONNAME = Sinyuk;
				TargetAttributes = {
					7EBCF42821256BDC002B96ED = {
						CreatedOnToolsVersion = 9.4.1;
					};
					7EEC7860215E185700B30B91 = {
						CreatedOnToolsVersion = 10.0;
						TestTargetID = 7EBCF42821256BDC002B96ED;
					};
				};
			};
			buildConfigurationList = 7EBCF42421256BDC002B96ED /* Build configuration list for PBXProject "Twidere" */;
			compatibilityVersion = "Xcode 9.3";
			developmentRegion = en;
			hasScannedForEncodings = 0;
			knownRegions = (
				en,
				Base,
				"zh-Hans",
				ja,
			);
			mainGroup = 7EBCF42021256BDC002B96ED;
			productRefGroup = 7EBCF42A21256BDC002B96ED /* Products */;
			projectDirPath = "";
			projectReferences = (
				{
					ProductGroup = 7EEC7890215E18B100B30B91 /* Products */;
					ProjectRef = 7EEC788F215E18B100B30B91 /* Authorize.xcodeproj */;
				},
				{
					ProductGroup = 7E0D278A21548C2700D67DE9 /* Products */;
					ProjectRef = 7E0D278921548C2700D67DE9 /* CC.xcodeproj */;
				},
				{
					ProductGroup = 7E11A328215222F100F2AFDC /* Products */;
					ProjectRef = 7E11A327215222F100F2AFDC /* IconFont.xcodeproj */;
				},
				{
					ProductGroup = 7EF2C98A2154C348000E09B4 /* Products */;
					ProjectRef = 7EF2C9892154C348000E09B4 /* Localize.xcodeproj */;
				},
				{
					ProductGroup = 7E11A2FF2152194B00F2AFDC /* Products */;
					ProjectRef = 7E11A2FE2152194B00F2AFDC /* SwiftTheme.xcodeproj */;
				},
			);
			projectRoot = "";
			targets = (
				7EBCF42821256BDC002B96ED /* twidere */,
				7EEC7860215E185700B30B91 /* twidereTests */,
			);
		};
/* End PBXProject section */

/* Begin PBXReferenceProxy section */
		7E0D278E21548C2800D67DE9 /* CC.framework */ = {
			isa = PBXReferenceProxy;
			fileType = wrapper.framework;
			path = CC.framework;
			remoteRef = 7E0D278D21548C2800D67DE9 /* PBXContainerItemProxy */;
			sourceTree = BUILT_PRODUCTS_DIR;
		};
		7E11A3032152194C00F2AFDC /* SwiftTheme.framework */ = {
			isa = PBXReferenceProxy;
			fileType = wrapper.framework;
			path = SwiftTheme.framework;
			remoteRef = 7E11A3022152194C00F2AFDC /* PBXContainerItemProxy */;
			sourceTree = BUILT_PRODUCTS_DIR;
		};
		7E11A32C215222F100F2AFDC /* IconFont.framework */ = {
			isa = PBXReferenceProxy;
			fileType = wrapper.framework;
			path = IconFont.framework;
			remoteRef = 7E11A32B215222F100F2AFDC /* PBXContainerItemProxy */;
			sourceTree = BUILT_PRODUCTS_DIR;
		};
		7EEC7895215E18CC00B30B91 /* Authorize.framework */ = {
			isa = PBXReferenceProxy;
			fileType = wrapper.framework;
			path = Authorize.framework;
			remoteRef = 7EEC7894215E18CC00B30B91 /* PBXContainerItemProxy */;
			sourceTree = BUILT_PRODUCTS_DIR;
		};
		7EEC7897215E18CC00B30B91 /* AuthorizeTests.xctest */ = {
			isa = PBXReferenceProxy;
			fileType = wrapper.cfbundle;
			path = AuthorizeTests.xctest;
			remoteRef = 7EEC7896215E18CC00B30B91 /* PBXContainerItemProxy */;
			sourceTree = BUILT_PRODUCTS_DIR;
		};
		7EF2C98E2154C349000E09B4 /* Localize.framework */ = {
			isa = PBXReferenceProxy;
			fileType = wrapper.framework;
			path = Localize.framework;
			remoteRef = 7EF2C98D2154C349000E09B4 /* PBXContainerItemProxy */;
			sourceTree = BUILT_PRODUCTS_DIR;
		};
/* End PBXReferenceProxy section */

/* Begin PBXResourcesBuildPhase section */
		7EBCF42721256BDC002B96ED /* Resources */ = {
			isa = PBXResourcesBuildPhase;
			buildActionMask = 2147483647;
			files = (
				7ECD427E212AB6A400C2CDFA /* Classic.plist in Resources */,
				7E1D95D52159F88F005B4B8F /* Preferences.plist in Resources */,
				7ECD42B921301E9000C2CDFA /* Noteworthy.plist in Resources */,
				7EF2C94B2154B8FB000E09B4 /* Localizable.strings in Resources */,
				7E1D95E2215B8E65005B4B8F /* Actions.strings in Resources */,
				7EF2C9482154B8E6000E09B4 /* LaunchScreen.storyboard in Resources */,
				7E1D95E9215B8EEE005B4B8F /* Sources.strings in Resources */,
				7EBCF43421256BDE002B96ED /* Assets.xcassets in Resources */,
				7ECD4280212ABCBE00C2CDFA /* PinkPower.plist in Resources */,
			);
			runOnlyForDeploymentPostprocessing = 0;
		};
		7EEC785F215E185700B30B91 /* Resources */ = {
			isa = PBXResourcesBuildPhase;
			buildActionMask = 2147483647;
			files = (
			);
			runOnlyForDeploymentPostprocessing = 0;
		};
/* End PBXResourcesBuildPhase section */

/* Begin PBXShellScriptBuildPhase section */
		41D285D9115E1FD3858BDD91 /* [CP] Check Pods Manifest.lock */ = {
			isa = PBXShellScriptBuildPhase;
			buildActionMask = 2147483647;
			files = (
			);
			inputFileListPaths = (
			);
			inputPaths = (
				"${PODS_PODFILE_DIR_PATH}/Podfile.lock",
				"${PODS_ROOT}/Manifest.lock",
			);
			name = "[CP] Check Pods Manifest.lock";
			outputFileListPaths = (
			);
			outputPaths = (
				"$(DERIVED_FILE_DIR)/Pods-twidere-checkManifestLockResult.txt",
			);
			runOnlyForDeploymentPostprocessing = 0;
			shellPath = /bin/sh;
			shellScript = "diff \"${PODS_PODFILE_DIR_PATH}/Podfile.lock\" \"${PODS_ROOT}/Manifest.lock\" > /dev/null\nif [ $? != 0 ] ; then\n    # print error to STDERR\n    echo \"error: The sandbox is not in sync with the Podfile.lock. Run 'pod install' or update your CocoaPods installation.\" >&2\n    exit 1\nfi\n# This output is used by Xcode 'outputs' to avoid re-running this script phase.\necho \"SUCCESS\" > \"${SCRIPT_OUTPUT_FILE_0}\"\n";
			showEnvVarsInLog = 0;
		};
		DBF4894B24AA23D32DB0D4AD /* [CP] Embed Pods Frameworks */ = {
			isa = PBXShellScriptBuildPhase;
			buildActionMask = 2147483647;
			files = (
			);
			inputFileListPaths = (
			);
			inputPaths = (
				"${PODS_ROOT}/Target Support Files/Pods-twidere/Pods-twidere-frameworks.sh",
				"${BUILT_PRODUCTS_DIR}/Alamofire/Alamofire.framework",
				"${BUILT_PRODUCTS_DIR}/NewPopMenu/PopMenu.framework",
				"${BUILT_PRODUCTS_DIR}/ReSwift/ReSwift.framework",
				"${BUILT_PRODUCTS_DIR}/ReSwiftRouter/ReSwiftRouter.framework",
				"${BUILT_PRODUCTS_DIR}/Realm/Realm.framework",
				"${BUILT_PRODUCTS_DIR}/RealmSwift/RealmSwift.framework",
				"${BUILT_PRODUCTS_DIR}/RxCocoa/RxCocoa.framework",
				"${BUILT_PRODUCTS_DIR}/RxSwift/RxSwift.framework",
				"${BUILT_PRODUCTS_DIR}/SnapKit/SnapKit.framework",
				"${BUILT_PRODUCTS_DIR}/Swinject/Swinject.framework",
			);
			name = "[CP] Embed Pods Frameworks";
			outputFileListPaths = (
			);
			outputPaths = (
				"${TARGET_BUILD_DIR}/${FRAMEWORKS_FOLDER_PATH}/Alamofire.framework",
				"${TARGET_BUILD_DIR}/${FRAMEWORKS_FOLDER_PATH}/PopMenu.framework",
				"${TARGET_BUILD_DIR}/${FRAMEWORKS_FOLDER_PATH}/ReSwift.framework",
				"${TARGET_BUILD_DIR}/${FRAMEWORKS_FOLDER_PATH}/ReSwiftRouter.framework",
				"${TARGET_BUILD_DIR}/${FRAMEWORKS_FOLDER_PATH}/Realm.framework",
				"${TARGET_BUILD_DIR}/${FRAMEWORKS_FOLDER_PATH}/RealmSwift.framework",
				"${TARGET_BUILD_DIR}/${FRAMEWORKS_FOLDER_PATH}/RxCocoa.framework",
				"${TARGET_BUILD_DIR}/${FRAMEWORKS_FOLDER_PATH}/RxSwift.framework",
				"${TARGET_BUILD_DIR}/${FRAMEWORKS_FOLDER_PATH}/SnapKit.framework",
				"${TARGET_BUILD_DIR}/${FRAMEWORKS_FOLDER_PATH}/Swinject.framework",
			);
			runOnlyForDeploymentPostprocessing = 0;
			shellPath = /bin/sh;
			shellScript = "\"${PODS_ROOT}/Target Support Files/Pods-twidere/Pods-twidere-frameworks.sh\"\n";
			showEnvVarsInLog = 0;
		};
/* End PBXShellScriptBuildPhase section */

/* Begin PBXSourcesBuildPhase section */
		7EBCF42521256BDC002B96ED /* Sources */ = {
			isa = PBXSourcesBuildPhase;
			buildActionMask = 2147483647;
			files = (
				7ECD4286212BF1AF00C2CDFA /* DisplayViewController.swift in Sources */,
				7ECD428E212C244000C2CDFA /* ScreenNameLabel.swift in Sources */,
				7EBCF42D21256BDC002B96ED /* AppDelegate.swift in Sources */,
				7ECD428A212BF45200C2CDFA /* FontSizeCell.swift in Sources */,
				7E11A3112152226A00F2AFDC /* ThemeViewController.swift in Sources */,
				7ECD4288212BF39D00C2CDFA /* StaticFeedCell.swift in Sources */,
				7ECD42A7212E987E00C2CDFA /* SettingsNavViewController.swift in Sources */,
				7E0D27BF215490D200D67DE9 /* IconFont+Ext.swift in Sources */,
				7EFCA6A721352F3800DE22AD /* AppReducer.swift in Sources */,
				7E11A2B8215203AA00F2AFDC /* SettingsReducer.swift in Sources */,
				7EA94BFB2133C79400C6E8D9 /* FontNameViewController.swift in Sources */,
				7E871B2C216C7BFA00C30876 /* AppsTableViewController.swift in Sources */,
				7ECD42B72130179900C2CDFA /* SourceEdit+Ext.swift in Sources */,
				7ECD4292212C609400C2CDFA /* AvatarImageView.swift in Sources */,
				7E934DAC214BA4BA00FBE203 /* UINavigationController+Ext.swift in Sources */,
				7E934DAA214B956300FBE203 /* State.swift in Sources */,
				7E0D27BD215490D200D67DE9 /* ScaledFont.swift in Sources */,
				7E7773E2215114040081BCB2 /* Language+Ext.swift in Sources */,
				7E921E56215F4B670066DA37 /* Account.swift in Sources */,
				7E0D27C2215490E400D67DE9 /* SwitchMenuCell.swift in Sources */,
				7E11A30D2152222500F2AFDC /* AppTheme.swift in Sources */,
				7ECD42B1212FE04700C2CDFA /* SourceViewController.swift in Sources */,
				7ECD425F2127D9C400C2CDFA /* Dimension.swift in Sources */,
				7E934DAE214BA5E700FBE203 /* Routes.swift in Sources */,
				7ED0D23B213FB3C0008C9993 /* Source.swift in Sources */,
				7E7773E02150FA220081BCB2 /* OthersViewController.swift in Sources */,
				7ECD425A2127D8F600C2CDFA /* TabItemsProvider.swift in Sources */,
				7E11A30F2152224F00F2AFDC /* ThemeCell.swift in Sources */,
				7ECD42B3212FE2DF00C2CDFA /* EditSourceController.swift in Sources */,
				7ECD4294212C60F000C2CDFA /* IdLabel.swift in Sources */,
				7E0D27BE215490D200D67DE9 /* Font+Ext.swift in Sources */,
				7E921E46215E2FE40066DA37 /* SignInViewController.swift in Sources */,
				7ECD429E212DCB8600C2CDFA /* SourceCell.swift in Sources */,
				7ECD4296212C611700C2CDFA /* ContentTextView.swift in Sources */,
				7E871B24216C53F700C30876 /* Configuration.swift in Sources */,
				7ED0D23D2142296B008C9993 /* NewPopMenu+Ext.swift in Sources */,
				7ED2DBB1214A362200164B20 /* SettingsState.swift in Sources */,
				7ED0D239213FA70F008C9993 /* SelectedFontCell.swift in Sources */,
				7EBCF45C212571B3002B96ED /* SettingsTabViewController.swift in Sources */,
				7E1D95F8215CA9E5005B4B8F /* Constants.swift in Sources */,
			);
			runOnlyForDeploymentPostprocessing = 0;
		};
		7EEC785D215E185700B30B91 /* Sources */ = {
			isa = PBXSourcesBuildPhase;
			buildActionMask = 2147483647;
			files = (
				7EEC7864215E185700B30B91 /* twidereTests.swift in Sources */,
			);
			runOnlyForDeploymentPostprocessing = 0;
		};
/* End PBXSourcesBuildPhase section */

/* Begin PBXTargetDependency section */
		7EEC7867215E185700B30B91 /* PBXTargetDependency */ = {
			isa = PBXTargetDependency;
			target = 7EBCF42821256BDC002B96ED /* twidere */;
			targetProxy = 7EEC7866215E185700B30B91 /* PBXContainerItemProxy */;
		};
/* End PBXTargetDependency section */

/* Begin PBXVariantGroup section */
		7E1D95E0215B8E65005B4B8F /* Actions.strings */ = {
			isa = PBXVariantGroup;
			children = (
				7E1D95E1215B8E65005B4B8F /* Base */,
				7E1D95E3215B8E6F005B4B8F /* ja */,
				7E1D95E4215B8E78005B4B8F /* zh-Hans */,
			);
			name = Actions.strings;
			sourceTree = "<group>";
		};
		7E1D95E7215B8EEE005B4B8F /* Sources.strings */ = {
			isa = PBXVariantGroup;
			children = (
				7E1D95E8215B8EEE005B4B8F /* zh-Hans */,
				7E1D95EA215B8EF7005B4B8F /* ja */,
				7E1D95EB215B8EFF005B4B8F /* Base */,
			);
			name = Sources.strings;
			sourceTree = "<group>";
		};
		7EF2C9462154B8E6000E09B4 /* LaunchScreen.storyboard */ = {
			isa = PBXVariantGroup;
			children = (
				7EF2C9472154B8E6000E09B4 /* Base */,
				7EF2C94C2154B925000E09B4 /* zh-Hans */,
				7EF2C94E2154BAB9000E09B4 /* ja */,
			);
			name = LaunchScreen.storyboard;
			sourceTree = "<group>";
		};
		7EF2C9492154B8FB000E09B4 /* Localizable.strings */ = {
			isa = PBXVariantGroup;
			children = (
				7EF2C94A2154B8FB000E09B4 /* Base */,
				7EF2C94D2154B925000E09B4 /* zh-Hans */,
				7EF2C94F2154BAB9000E09B4 /* ja */,
			);
			name = Localizable.strings;
			sourceTree = "<group>";
		};
/* End PBXVariantGroup section */

/* Begin XCBuildConfiguration section */
		7EBCF44F21256BDE002B96ED /* Debug */ = {
			isa = XCBuildConfiguration;
			buildSettings = {
				ALWAYS_SEARCH_USER_PATHS = NO;
				CLANG_ANALYZER_LOCALIZABILITY_NONLOCALIZED = YES;
				CLANG_ANALYZER_NONNULL = YES;
				CLANG_ANALYZER_NUMBER_OBJECT_CONVERSION = YES_AGGRESSIVE;
				CLANG_CXX_LANGUAGE_STANDARD = "gnu++14";
				CLANG_CXX_LIBRARY = "libc++";
				CLANG_ENABLE_MODULES = YES;
				CLANG_ENABLE_OBJC_ARC = YES;
				CLANG_ENABLE_OBJC_WEAK = YES;
				CLANG_WARN_BLOCK_CAPTURE_AUTORELEASING = YES;
				CLANG_WARN_BOOL_CONVERSION = YES;
				CLANG_WARN_COMMA = YES;
				CLANG_WARN_CONSTANT_CONVERSION = YES;
				CLANG_WARN_DEPRECATED_OBJC_IMPLEMENTATIONS = YES;
				CLANG_WARN_DIRECT_OBJC_ISA_USAGE = YES_ERROR;
				CLANG_WARN_DOCUMENTATION_COMMENTS = YES;
				CLANG_WARN_EMPTY_BODY = YES;
				CLANG_WARN_ENUM_CONVERSION = YES;
				CLANG_WARN_INFINITE_RECURSION = YES;
				CLANG_WARN_INT_CONVERSION = YES;
				CLANG_WARN_NON_LITERAL_NULL_CONVERSION = YES;
				CLANG_WARN_OBJC_IMPLICIT_RETAIN_SELF = YES;
				CLANG_WARN_OBJC_LITERAL_CONVERSION = YES;
				CLANG_WARN_OBJC_ROOT_CLASS = YES_ERROR;
				CLANG_WARN_RANGE_LOOP_ANALYSIS = YES;
				CLANG_WARN_STRICT_PROTOTYPES = YES;
				CLANG_WARN_SUSPICIOUS_MOVE = YES;
				CLANG_WARN_UNGUARDED_AVAILABILITY = YES_AGGRESSIVE;
				CLANG_WARN_UNREACHABLE_CODE = YES;
				CLANG_WARN__DUPLICATE_METHOD_MATCH = YES;
				CODE_SIGN_IDENTITY = "iPhone Developer";
				COPY_PHASE_STRIP = NO;
				DEBUG_INFORMATION_FORMAT = dwarf;
				ENABLE_STRICT_OBJC_MSGSEND = YES;
				ENABLE_TESTABILITY = YES;
				GCC_C_LANGUAGE_STANDARD = gnu11;
				GCC_DYNAMIC_NO_PIC = NO;
				GCC_NO_COMMON_BLOCKS = YES;
				GCC_OPTIMIZATION_LEVEL = 0;
				GCC_PREPROCESSOR_DEFINITIONS = (
					"DEBUG=1",
					"$(inherited)",
				);
				GCC_WARN_64_TO_32_BIT_CONVERSION = YES;
				GCC_WARN_ABOUT_RETURN_TYPE = YES_ERROR;
				GCC_WARN_UNDECLARED_SELECTOR = YES;
				GCC_WARN_UNINITIALIZED_AUTOS = YES_AGGRESSIVE;
				GCC_WARN_UNUSED_FUNCTION = YES;
				GCC_WARN_UNUSED_VARIABLE = YES;
				IPHONEOS_DEPLOYMENT_TARGET = 12.0;
				MTL_ENABLE_DEBUG_INFO = YES;
				ONLY_ACTIVE_ARCH = YES;
				SDKROOT = iphoneos;
				SWIFT_ACTIVE_COMPILATION_CONDITIONS = DEBUG;
				SWIFT_OPTIMIZATION_LEVEL = "-Onone";
			};
			name = Debug;
		};
		7EBCF45021256BDE002B96ED /* Release */ = {
			isa = XCBuildConfiguration;
			buildSettings = {
				ALWAYS_SEARCH_USER_PATHS = NO;
				CLANG_ANALYZER_LOCALIZABILITY_NONLOCALIZED = YES;
				CLANG_ANALYZER_NONNULL = YES;
				CLANG_ANALYZER_NUMBER_OBJECT_CONVERSION = YES_AGGRESSIVE;
				CLANG_CXX_LANGUAGE_STANDARD = "gnu++14";
				CLANG_CXX_LIBRARY = "libc++";
				CLANG_ENABLE_MODULES = YES;
				CLANG_ENABLE_OBJC_ARC = YES;
				CLANG_ENABLE_OBJC_WEAK = YES;
				CLANG_WARN_BLOCK_CAPTURE_AUTORELEASING = YES;
				CLANG_WARN_BOOL_CONVERSION = YES;
				CLANG_WARN_COMMA = YES;
				CLANG_WARN_CONSTANT_CONVERSION = YES;
				CLANG_WARN_DEPRECATED_OBJC_IMPLEMENTATIONS = YES;
				CLANG_WARN_DIRECT_OBJC_ISA_USAGE = YES_ERROR;
				CLANG_WARN_DOCUMENTATION_COMMENTS = YES;
				CLANG_WARN_EMPTY_BODY = YES;
				CLANG_WARN_ENUM_CONVERSION = YES;
				CLANG_WARN_INFINITE_RECURSION = YES;
				CLANG_WARN_INT_CONVERSION = YES;
				CLANG_WARN_NON_LITERAL_NULL_CONVERSION = YES;
				CLANG_WARN_OBJC_IMPLICIT_RETAIN_SELF = YES;
				CLANG_WARN_OBJC_LITERAL_CONVERSION = YES;
				CLANG_WARN_OBJC_ROOT_CLASS = YES_ERROR;
				CLANG_WARN_RANGE_LOOP_ANALYSIS = YES;
				CLANG_WARN_STRICT_PROTOTYPES = YES;
				CLANG_WARN_SUSPICIOUS_MOVE = YES;
				CLANG_WARN_UNGUARDED_AVAILABILITY = YES_AGGRESSIVE;
				CLANG_WARN_UNREACHABLE_CODE = YES;
				CLANG_WARN__DUPLICATE_METHOD_MATCH = YES;
				CODE_SIGN_IDENTITY = "iPhone Developer";
				COPY_PHASE_STRIP = NO;
				DEBUG_INFORMATION_FORMAT = "dwarf-with-dsym";
				ENABLE_NS_ASSERTIONS = NO;
				ENABLE_STRICT_OBJC_MSGSEND = YES;
				GCC_C_LANGUAGE_STANDARD = gnu11;
				GCC_NO_COMMON_BLOCKS = YES;
				GCC_WARN_64_TO_32_BIT_CONVERSION = YES;
				GCC_WARN_ABOUT_RETURN_TYPE = YES_ERROR;
				GCC_WARN_UNDECLARED_SELECTOR = YES;
				GCC_WARN_UNINITIALIZED_AUTOS = YES_AGGRESSIVE;
				GCC_WARN_UNUSED_FUNCTION = YES;
				GCC_WARN_UNUSED_VARIABLE = YES;
				IPHONEOS_DEPLOYMENT_TARGET = 12.0;
				MTL_ENABLE_DEBUG_INFO = NO;
				ONLY_ACTIVE_ARCH = NO;
				SDKROOT = iphoneos;
				SWIFT_COMPILATION_MODE = wholemodule;
				SWIFT_OPTIMIZATION_LEVEL = "-O";
				VALIDATE_PRODUCT = YES;
			};
			name = Release;
		};
		7EBCF45221256BDE002B96ED /* Debug */ = {
			isa = XCBuildConfiguration;
			baseConfigurationReference = 359D91D27CE74F1F59540E36 /* Pods-twidere.debug.xcconfig */;
			buildSettings = {
				ASSETCATALOG_COMPILER_APPICON_NAME = AppIcon;
				CODE_SIGN_STYLE = Automatic;
				DEVELOPMENT_TEAM = GD658M2VWU;
				INFOPLIST_FILE = twidere/Info.plist;
				IPHONEOS_DEPLOYMENT_TARGET = 12.0;
				LD_RUNPATH_SEARCH_PATHS = (
					"$(inherited)",
					"@executable_path/Frameworks",
				);
				PRODUCT_BUNDLE_IDENTIFIER = com.sinyuk.twidere;
				PRODUCT_NAME = "$(TARGET_NAME)";
				SWIFT_VERSION = 4.2;
				TARGETED_DEVICE_FAMILY = 1;
			};
			name = Debug;
		};
		7EBCF45321256BDE002B96ED /* Release */ = {
			isa = XCBuildConfiguration;
			baseConfigurationReference = DE6FD7B812B856AF3BEE80A7 /* Pods-twidere.release.xcconfig */;
			buildSettings = {
				ASSETCATALOG_COMPILER_APPICON_NAME = AppIcon;
				CODE_SIGN_STYLE = Automatic;
				DEVELOPMENT_TEAM = GD658M2VWU;
				INFOPLIST_FILE = twidere/Info.plist;
				IPHONEOS_DEPLOYMENT_TARGET = 12.0;
				LD_RUNPATH_SEARCH_PATHS = (
					"$(inherited)",
					"@executable_path/Frameworks",
				);
				PRODUCT_BUNDLE_IDENTIFIER = com.sinyuk.twidere;
				PRODUCT_NAME = "$(TARGET_NAME)";
				SWIFT_VERSION = 4.2;
				TARGETED_DEVICE_FAMILY = 1;
			};
			name = Release;
		};
		7EEC7869215E185700B30B91 /* Debug */ = {
			isa = XCBuildConfiguration;
			buildSettings = {
				BUNDLE_LOADER = "$(TEST_HOST)";
				CODE_SIGN_STYLE = Automatic;
				DEVELOPMENT_TEAM = GD658M2VWU;
				INFOPLIST_FILE = twidereTests/Info.plist;
				LD_RUNPATH_SEARCH_PATHS = (
					"$(inherited)",
					"@executable_path/Frameworks",
					"@loader_path/Frameworks",
				);
				MTL_ENABLE_DEBUG_INFO = INCLUDE_SOURCE;
				MTL_FAST_MATH = YES;
				PRODUCT_BUNDLE_IDENTIFIER = com.sinyuk.twidere.twidereTests;
				PRODUCT_NAME = "$(TARGET_NAME)";
				SWIFT_VERSION = 4.2;
				TARGETED_DEVICE_FAMILY = "1,2";
				TEST_HOST = "$(BUILT_PRODUCTS_DIR)/twidere.app/twidere";
			};
			name = Debug;
		};
		7EEC786A215E185700B30B91 /* Release */ = {
			isa = XCBuildConfiguration;
			buildSettings = {
				BUNDLE_LOADER = "$(TEST_HOST)";
				CODE_SIGN_STYLE = Automatic;
				DEVELOPMENT_TEAM = GD658M2VWU;
				INFOPLIST_FILE = twidereTests/Info.plist;
				LD_RUNPATH_SEARCH_PATHS = (
					"$(inherited)",
					"@executable_path/Frameworks",
					"@loader_path/Frameworks",
				);
				MTL_FAST_MATH = YES;
				PRODUCT_BUNDLE_IDENTIFIER = com.sinyuk.twidere.twidereTests;
				PRODUCT_NAME = "$(TARGET_NAME)";
				SWIFT_VERSION = 4.2;
				TARGETED_DEVICE_FAMILY = "1,2";
				TEST_HOST = "$(BUILT_PRODUCTS_DIR)/twidere.app/twidere";
			};
			name = Release;
		};
/* End XCBuildConfiguration section */

/* Begin XCConfigurationList section */
		7EBCF42421256BDC002B96ED /* Build configuration list for PBXProject "Twidere" */ = {
			isa = XCConfigurationList;
			buildConfigurations = (
				7EBCF44F21256BDE002B96ED /* Debug */,
				7EBCF45021256BDE002B96ED /* Release */,
			);
			defaultConfigurationIsVisible = 0;
			defaultConfigurationName = Release;
		};
		7EBCF45121256BDE002B96ED /* Build configuration list for PBXNativeTarget "twidere" */ = {
			isa = XCConfigurationList;
			buildConfigurations = (
				7EBCF45221256BDE002B96ED /* Debug */,
				7EBCF45321256BDE002B96ED /* Release */,
			);
			defaultConfigurationIsVisible = 0;
			defaultConfigurationName = Release;
		};
		7EEC7868215E185700B30B91 /* Build configuration list for PBXNativeTarget "twidereTests" */ = {
			isa = XCConfigurationList;
			buildConfigurations = (
				7EEC7869215E185700B30B91 /* Debug */,
				7EEC786A215E185700B30B91 /* Release */,
			);
			defaultConfigurationIsVisible = 0;
			defaultConfigurationName = Release;
		};
/* End XCConfigurationList section */
	};
	rootObject = 7EBCF42121256BDC002B96ED /* Project object */;
}
