// !$*UTF8*$!
{
	archiveVersion = 1;
	classes = {
	};
	objectVersion = 50;
	objects = {

/* Begin PBXBuildFile section */
		7E11A2F82152194B00F2AFDC /* SwiftTheme.h in Headers */ = {isa = PBXBuildFile; fileRef = 7E11A2F62152194B00F2AFDC /* SwiftTheme.h */; settings = {ATTRIBUTES = (Public, ); }; };
		7E11A345215226CC00F2AFDC /* ThemeCGFloatPicker.swift in Sources */ = {isa = PBXBuildFile; fileRef = 7E11A32F215226CC00F2AFDC /* ThemeCGFloatPicker.swift */; };
		7E11A346215226CC00F2AFDC /* ThemeStatePicker.swift in Sources */ = {isa = PBXBuildFile; fileRef = 7E11A330215226CC00F2AFDC /* ThemeStatePicker.swift */; };
		7E11A347215226CC00F2AFDC /* UIRefreshControl+TitleAttributes.swift in Sources */ = {isa = PBXBuildFile; fileRef = 7E11A331215226CC00F2AFDC /* UIRefreshControl+TitleAttributes.swift */; };
		7E11A348215226CC00F2AFDC /* ThemeBarStylePicker.swift in Sources */ = {isa = PBXBuildFile; fileRef = 7E11A332215226CC00F2AFDC /* ThemeBarStylePicker.swift */; };
		7E11A349215226CC00F2AFDC /* ThemeColorPicker.swift in Sources */ = {isa = PBXBuildFile; fileRef = 7E11A333215226CC00F2AFDC /* ThemeColorPicker.swift */; };
		7E11A34A215226CC00F2AFDC /* UIColorExtension.swift in Sources */ = {isa = PBXBuildFile; fileRef = 7E11A334215226CC00F2AFDC /* UIColorExtension.swift */; };
		7E11A34B215226CC00F2AFDC /* ThemeManager+OC.swift in Sources */ = {isa = PBXBuildFile; fileRef = 7E11A335215226CC00F2AFDC /* ThemeManager+OC.swift */; };
		7E11A34C215226CC00F2AFDC /* ThemeFontPicker.swift in Sources */ = {isa = PBXBuildFile; fileRef = 7E11A336215226CC00F2AFDC /* ThemeFontPicker.swift */; };
		7E11A34D215226CC00F2AFDC /* ThemeDictionaryPicker.swift in Sources */ = {isa = PBXBuildFile; fileRef = 7E11A337215226CC00F2AFDC /* ThemeDictionaryPicker.swift */; };
		7E11A34E215226CC00F2AFDC /* UITextField+PlaceholderAttributes.swift in Sources */ = {isa = PBXBuildFile; fileRef = 7E11A338215226CC00F2AFDC /* UITextField+PlaceholderAttributes.swift */; };
		7E11A34F215226CC00F2AFDC /* ThemeManager+Index.swift in Sources */ = {isa = PBXBuildFile; fileRef = 7E11A339215226CC00F2AFDC /* ThemeManager+Index.swift */; };
		7E11A350215226CC00F2AFDC /* ThemePicker.swift in Sources */ = {isa = PBXBuildFile; fileRef = 7E11A33A215226CC00F2AFDC /* ThemePicker.swift */; };
		7E11A351215226CC00F2AFDC /* ThemeCGColorPicker.swift in Sources */ = {isa = PBXBuildFile; fileRef = 7E11A33B215226CC00F2AFDC /* ThemeCGColorPicker.swift */; };
		7E11A352215226CC00F2AFDC /* ThemeManager.swift in Sources */ = {isa = PBXBuildFile; fileRef = 7E11A33C215226CC00F2AFDC /* ThemeManager.swift */; };
		7E11A353215226CC00F2AFDC /* NSObject+Theme.swift in Sources */ = {isa = PBXBuildFile; fileRef = 7E11A33D215226CC00F2AFDC /* NSObject+Theme.swift */; };
		7E11A354215226CC00F2AFDC /* UIKit+Theme.swift in Sources */ = {isa = PBXBuildFile; fileRef = 7E11A33E215226CC00F2AFDC /* UIKit+Theme.swift */; };
		7E11A355215226CC00F2AFDC /* ThemeKeyboardAppearancePicker.swift in Sources */ = {isa = PBXBuildFile; fileRef = 7E11A33F215226CC00F2AFDC /* ThemeKeyboardAppearancePicker.swift */; };
		7E11A356215226CC00F2AFDC /* ThemeManager+Plist.swift in Sources */ = {isa = PBXBuildFile; fileRef = 7E11A340215226CC00F2AFDC /* ThemeManager+Plist.swift */; };
		7E11A357215226CC00F2AFDC /* ThemeActivityIndicatorViewStylePicker.swift in Sources */ = {isa = PBXBuildFile; fileRef = 7E11A341215226CC00F2AFDC /* ThemeActivityIndicatorViewStylePicker.swift */; };
		7E11A358215226CC00F2AFDC /* ThemeImagePicker.swift in Sources */ = {isa = PBXBuildFile; fileRef = 7E11A342215226CC00F2AFDC /* ThemeImagePicker.swift */; };
		7E11A359215226CC00F2AFDC /* ThemeStatusBarStylePicker.swift in Sources */ = {isa = PBXBuildFile; fileRef = 7E11A343215226CC00F2AFDC /* ThemeStatusBarStylePicker.swift */; };
		7E11A35A215226CC00F2AFDC /* NSAttributedString+Merge.swift in Sources */ = {isa = PBXBuildFile; fileRef = 7E11A344215226CC00F2AFDC /* NSAttributedString+Merge.swift */; };
/* End PBXBuildFile section */

/* Begin PBXFileReference section */
		7E11A2F32152194B00F2AFDC /* SwiftTheme.framework */ = {isa = PBXFileReference; explicitFileType = wrapper.framework; includeInIndex = 0; path = SwiftTheme.framework; sourceTree = BUILT_PRODUCTS_DIR; };
		7E11A2F62152194B00F2AFDC /* SwiftTheme.h */ = {isa = PBXFileReference; lastKnownFileType = sourcecode.c.h; path = SwiftTheme.h; sourceTree = "<group>"; };
		7E11A2F72152194B00F2AFDC /* Info.plist */ = {isa = PBXFileReference; lastKnownFileType = text.plist.xml; path = Info.plist; sourceTree = "<group>"; };
		7E11A32F215226CC00F2AFDC /* ThemeCGFloatPicker.swift */ = {isa = PBXFileReference; fileEncoding = 4; lastKnownFileType = sourcecode.swift; path = ThemeCGFloatPicker.swift; sourceTree = "<group>"; };
		7E11A330215226CC00F2AFDC /* ThemeStatePicker.swift */ = {isa = PBXFileReference; fileEncoding = 4; lastKnownFileType = sourcecode.swift; path = ThemeStatePicker.swift; sourceTree = "<group>"; };
		7E11A331215226CC00F2AFDC /* UIRefreshControl+TitleAttributes.swift */ = {isa = PBXFileReference; fileEncoding = 4; lastKnownFileType = sourcecode.swift; path = "UIRefreshControl+TitleAttributes.swift"; sourceTree = "<group>"; };
		7E11A332215226CC00F2AFDC /* ThemeBarStylePicker.swift */ = {isa = PBXFileReference; fileEncoding = 4; lastKnownFileType = sourcecode.swift; path = ThemeBarStylePicker.swift; sourceTree = "<group>"; };
		7E11A333215226CC00F2AFDC /* ThemeColorPicker.swift */ = {isa = PBXFileReference; fileEncoding = 4; lastKnownFileType = sourcecode.swift; path = ThemeColorPicker.swift; sourceTree = "<group>"; };
		7E11A334215226CC00F2AFDC /* UIColorExtension.swift */ = {isa = PBXFileReference; fileEncoding = 4; lastKnownFileType = sourcecode.swift; path = UIColorExtension.swift; sourceTree = "<group>"; };
		7E11A335215226CC00F2AFDC /* ThemeManager+OC.swift */ = {isa = PBXFileReference; fileEncoding = 4; lastKnownFileType = sourcecode.swift; path = "ThemeManager+OC.swift"; sourceTree = "<group>"; };
		7E11A336215226CC00F2AFDC /* ThemeFontPicker.swift */ = {isa = PBXFileReference; fileEncoding = 4; lastKnownFileType = sourcecode.swift; path = ThemeFontPicker.swift; sourceTree = "<group>"; };
		7E11A337215226CC00F2AFDC /* ThemeDictionaryPicker.swift */ = {isa = PBXFileReference; fileEncoding = 4; lastKnownFileType = sourcecode.swift; path = ThemeDictionaryPicker.swift; sourceTree = "<group>"; };
		7E11A338215226CC00F2AFDC /* UITextField+PlaceholderAttributes.swift */ = {isa = PBXFileReference; fileEncoding = 4; lastKnownFileType = sourcecode.swift; path = "UITextField+PlaceholderAttributes.swift"; sourceTree = "<group>"; };
		7E11A339215226CC00F2AFDC /* ThemeManager+Index.swift */ = {isa = PBXFileReference; fileEncoding = 4; lastKnownFileType = sourcecode.swift; path = "ThemeManager+Index.swift"; sourceTree = "<group>"; };
		7E11A33A215226CC00F2AFDC /* ThemePicker.swift */ = {isa = PBXFileReference; fileEncoding = 4; lastKnownFileType = sourcecode.swift; path = ThemePicker.swift; sourceTree = "<group>"; };
		7E11A33B215226CC00F2AFDC /* ThemeCGColorPicker.swift */ = {isa = PBXFileReference; fileEncoding = 4; lastKnownFileType = sourcecode.swift; path = ThemeCGColorPicker.swift; sourceTree = "<group>"; };
		7E11A33C215226CC00F2AFDC /* ThemeManager.swift */ = {isa = PBXFileReference; fileEncoding = 4; lastKnownFileType = sourcecode.swift; path = ThemeManager.swift; sourceTree = "<group>"; };
		7E11A33D215226CC00F2AFDC /* NSObject+Theme.swift */ = {isa = PBXFileReference; fileEncoding = 4; lastKnownFileType = sourcecode.swift; path = "NSObject+Theme.swift"; sourceTree = "<group>"; };
		7E11A33E215226CC00F2AFDC /* UIKit+Theme.swift */ = {isa = PBXFileReference; fileEncoding = 4; lastKnownFileType = sourcecode.swift; path = "UIKit+Theme.swift"; sourceTree = "<group>"; };
		7E11A33F215226CC00F2AFDC /* ThemeKeyboardAppearancePicker.swift */ = {isa = PBXFileReference; fileEncoding = 4; lastKnownFileType = sourcecode.swift; path = ThemeKeyboardAppearancePicker.swift; sourceTree = "<group>"; };
		7E11A340215226CC00F2AFDC /* ThemeManager+Plist.swift */ = {isa = PBXFileReference; fileEncoding = 4; lastKnownFileType = sourcecode.swift; path = "ThemeManager+Plist.swift"; sourceTree = "<group>"; };
		7E11A341215226CC00F2AFDC /* ThemeActivityIndicatorViewStylePicker.swift */ = {isa = PBXFileReference; fileEncoding = 4; lastKnownFileType = sourcecode.swift; path = ThemeActivityIndicatorViewStylePicker.swift; sourceTree = "<group>"; };
		7E11A342215226CC00F2AFDC /* ThemeImagePicker.swift */ = {isa = PBXFileReference; fileEncoding = 4; lastKnownFileType = sourcecode.swift; path = ThemeImagePicker.swift; sourceTree = "<group>"; };
		7E11A343215226CC00F2AFDC /* ThemeStatusBarStylePicker.swift */ = {isa = PBXFileReference; fileEncoding = 4; lastKnownFileType = sourcecode.swift; path = ThemeStatusBarStylePicker.swift; sourceTree = "<group>"; };
		7E11A344215226CC00F2AFDC /* NSAttributedString+Merge.swift */ = {isa = PBXFileReference; fileEncoding = 4; lastKnownFileType = sourcecode.swift; path = "NSAttributedString+Merge.swift"; sourceTree = "<group>"; };
/* End PBXFileReference section */

/* Begin PBXFrameworksBuildPhase section */
		7E11A2F02152194B00F2AFDC /* Frameworks */ = {
			isa = PBXFrameworksBuildPhase;
			buildActionMask = 2147483647;
			files = (
			);
			runOnlyForDeploymentPostprocessing = 0;
		};
/* End PBXFrameworksBuildPhase section */

/* Begin PBXGroup section */
		7E11A2E92152194B00F2AFDC = {
			isa = PBXGroup;
			children = (
				7E11A32E215226CC00F2AFDC /* Source */,
				7E11A2F52152194B00F2AFDC /* SwiftTheme */,
				7E11A2F42152194B00F2AFDC /* Products */,
			);
			sourceTree = "<group>";
		};
		7E11A2F42152194B00F2AFDC /* Products */ = {
			isa = PBXGroup;
			children = (
				7E11A2F32152194B00F2AFDC /* SwiftTheme.framework */,
			);
			name = Products;
			sourceTree = "<group>";
		};
		7E11A2F52152194B00F2AFDC /* SwiftTheme */ = {
			isa = PBXGroup;
			children = (
				7E11A2F62152194B00F2AFDC /* SwiftTheme.h */,
				7E11A2F72152194B00F2AFDC /* Info.plist */,
			);
			path = SwiftTheme;
			sourceTree = "<group>";
		};
		7E11A32E215226CC00F2AFDC /* Source */ = {
			isa = PBXGroup;
			children = (
				7E11A32F215226CC00F2AFDC /* ThemeCGFloatPicker.swift */,
				7E11A330215226CC00F2AFDC /* ThemeStatePicker.swift */,
				7E11A331215226CC00F2AFDC /* UIRefreshControl+TitleAttributes.swift */,
				7E11A332215226CC00F2AFDC /* ThemeBarStylePicker.swift */,
				7E11A333215226CC00F2AFDC /* ThemeColorPicker.swift */,
				7E11A334215226CC00F2AFDC /* UIColorExtension.swift */,
				7E11A335215226CC00F2AFDC /* ThemeManager+OC.swift */,
				7E11A336215226CC00F2AFDC /* ThemeFontPicker.swift */,
				7E11A337215226CC00F2AFDC /* ThemeDictionaryPicker.swift */,
				7E11A338215226CC00F2AFDC /* UITextField+PlaceholderAttributes.swift */,
				7E11A339215226CC00F2AFDC /* ThemeManager+Index.swift */,
				7E11A33A215226CC00F2AFDC /* ThemePicker.swift */,
				7E11A33B215226CC00F2AFDC /* ThemeCGColorPicker.swift */,
				7E11A33C215226CC00F2AFDC /* ThemeManager.swift */,
				7E11A33D215226CC00F2AFDC /* NSObject+Theme.swift */,
				7E11A33E215226CC00F2AFDC /* UIKit+Theme.swift */,
				7E11A33F215226CC00F2AFDC /* ThemeKeyboardAppearancePicker.swift */,
				7E11A340215226CC00F2AFDC /* ThemeManager+Plist.swift */,
				7E11A341215226CC00F2AFDC /* ThemeActivityIndicatorViewStylePicker.swift */,
				7E11A342215226CC00F2AFDC /* ThemeImagePicker.swift */,
				7E11A343215226CC00F2AFDC /* ThemeStatusBarStylePicker.swift */,
				7E11A344215226CC00F2AFDC /* NSAttributedString+Merge.swift */,
			);
			path = Source;
			sourceTree = "<group>";
		};
/* End PBXGroup section */

/* Begin PBXHeadersBuildPhase section */
		7E11A2EE2152194B00F2AFDC /* Headers */ = {
			isa = PBXHeadersBuildPhase;
			buildActionMask = 2147483647;
			files = (
				7E11A2F82152194B00F2AFDC /* SwiftTheme.h in Headers */,
			);
			runOnlyForDeploymentPostprocessing = 0;
		};
/* End PBXHeadersBuildPhase section */

/* Begin PBXNativeTarget section */
		7E11A2F22152194B00F2AFDC /* SwiftTheme */ = {
			isa = PBXNativeTarget;
			buildConfigurationList = 7E11A2FB2152194B00F2AFDC /* Build configuration list for PBXNativeTarget "SwiftTheme" */;
			buildPhases = (
				7E11A2EE2152194B00F2AFDC /* Headers */,
				7E11A2EF2152194B00F2AFDC /* Sources */,
				7E11A2F02152194B00F2AFDC /* Frameworks */,
				7E11A2F12152194B00F2AFDC /* Resources */,
			);
			buildRules = (
			);
			dependencies = (
			);
			name = SwiftTheme;
			productName = SwiftTheme;
			productReference = 7E11A2F32152194B00F2AFDC /* SwiftTheme.framework */;
			productType = "com.apple.product-type.framework";
		};
/* End PBXNativeTarget section */

/* Begin PBXProject section */
		7E11A2EA2152194B00F2AFDC /* Project object */ = {
			isa = PBXProject;
			attributes = {
				LastUpgradeCheck = 1000;
				ORGANIZATIONNAME = Sinyuk;
				TargetAttributes = {
					7E11A2F22152194B00F2AFDC = {
						CreatedOnToolsVersion = 10.0;
						LastSwiftMigration = 1000;
					};
				};
			};
			buildConfigurationList = 7E11A2ED2152194B00F2AFDC /* Build configuration list for PBXProject "SwiftTheme" */;
			compatibilityVersion = "Xcode 9.3";
			developmentRegion = en;
			hasScannedForEncodings = 0;
			knownRegions = (
				en,
			);
			mainGroup = 7E11A2E92152194B00F2AFDC;
			productRefGroup = 7E11A2F42152194B00F2AFDC /* Products */;
			projectDirPath = "";
			projectRoot = "";
			targets = (
				7E11A2F22152194B00F2AFDC /* SwiftTheme */,
			);
		};
/* End PBXProject section */

/* Begin PBXResourcesBuildPhase section */
		7E11A2F12152194B00F2AFDC /* Resources */ = {
			isa = PBXResourcesBuildPhase;
			buildActionMask = 2147483647;
			files = (
			);
			runOnlyForDeploymentPostprocessing = 0;
		};
/* End PBXResourcesBuildPhase section */

/* Begin PBXSourcesBuildPhase section */
		7E11A2EF2152194B00F2AFDC /* Sources */ = {
			isa = PBXSourcesBuildPhase;
			buildActionMask = 2147483647;
			files = (
				7E11A354215226CC00F2AFDC /* UIKit+Theme.swift in Sources */,
				7E11A34C215226CC00F2AFDC /* ThemeFontPicker.swift in Sources */,
				7E11A34F215226CC00F2AFDC /* ThemeManager+Index.swift in Sources */,
				7E11A353215226CC00F2AFDC /* NSObject+Theme.swift in Sources */,
				7E11A359215226CC00F2AFDC /* ThemeStatusBarStylePicker.swift in Sources */,
				7E11A357215226CC00F2AFDC /* ThemeActivityIndicatorViewStylePicker.swift in Sources */,
				7E11A358215226CC00F2AFDC /* ThemeImagePicker.swift in Sources */,
				7E11A34D215226CC00F2AFDC /* ThemeDictionaryPicker.swift in Sources */,
				7E11A35A215226CC00F2AFDC /* NSAttributedString+Merge.swift in Sources */,
				7E11A345215226CC00F2AFDC /* ThemeCGFloatPicker.swift in Sources */,
				7E11A349215226CC00F2AFDC /* ThemeColorPicker.swift in Sources */,
				7E11A34B215226CC00F2AFDC /* ThemeManager+OC.swift in Sources */,
				7E11A346215226CC00F2AFDC /* ThemeStatePicker.swift in Sources */,
				7E11A347215226CC00F2AFDC /* UIRefreshControl+TitleAttributes.swift in Sources */,
				7E11A348215226CC00F2AFDC /* ThemeBarStylePicker.swift in Sources */,
				7E11A350215226CC00F2AFDC /* ThemePicker.swift in Sources */,
				7E11A356215226CC00F2AFDC /* ThemeManager+Plist.swift in Sources */,
				7E11A355215226CC00F2AFDC /* ThemeKeyboardAppearancePicker.swift in Sources */,
				7E11A351215226CC00F2AFDC /* ThemeCGColorPicker.swift in Sources */,
				7E11A34E215226CC00F2AFDC /* UITextField+PlaceholderAttributes.swift in Sources */,
				7E11A34A215226CC00F2AFDC /* UIColorExtension.swift in Sources */,
				7E11A352215226CC00F2AFDC /* ThemeManager.swift in Sources */,
			);
			runOnlyForDeploymentPostprocessing = 0;
		};
/* End PBXSourcesBuildPhase section */

/* Begin XCBuildConfiguration section */
		7E11A2F92152194B00F2AFDC /* Debug */ = {
			isa = XCBuildConfiguration;
			buildSettings = {
				ALWAYS_SEARCH_USER_PATHS = NO;
				CLANG_ANALYZER_NONNULL = YES;
				CLANG_ANALYZER_NUMBER_OBJECT_CONVERSION = YES_AGGRESSIVE;
				CLANG_CXX_LANGUAGE_STANDARD = "gnu++14";
				CLANG_CXX_LIBRARY = "libc++";
				CLANG_ENABLE_MODULES = YES;
				CLANG_ENABLE_OBJC_ARC = YES;
				CLANG_ENABLE_OBJC_WEAK = YES;
				CLANG_WARN_BLOCK_CAPTURE_AUTORELEASING = YES;
				CLANG_WARN_BOOL_CONVERSION = YES;
				CLANG_WARN_COMMA = YES;
				CLANG_WARN_CONSTANT_CONVERSION = YES;
				CLANG_WARN_DEPRECATED_OBJC_IMPLEMENTATIONS = YES;
				CLANG_WARN_DIRECT_OBJC_ISA_USAGE = YES_ERROR;
				CLANG_WARN_DOCUMENTATION_COMMENTS = YES;
				CLANG_WARN_EMPTY_BODY = YES;
				CLANG_WARN_ENUM_CONVERSION = YES;
				CLANG_WARN_INFINITE_RECURSION = YES;
				CLANG_WARN_INT_CONVERSION = YES;
				CLANG_WARN_NON_LITERAL_NULL_CONVERSION = YES;
				CLANG_WARN_OBJC_IMPLICIT_RETAIN_SELF = YES;
				CLANG_WARN_OBJC_LITERAL_CONVERSION = YES;
				CLANG_WARN_OBJC_ROOT_CLASS = YES_ERROR;
				CLANG_WARN_RANGE_LOOP_ANALYSIS = YES;
				CLANG_WARN_STRICT_PROTOTYPES = YES;
				CLANG_WARN_SUSPICIOUS_MOVE = YES;
				CLANG_WARN_UNGUARDED_AVAILABILITY = YES_AGGRESSIVE;
				CLANG_WARN_UNREACHABLE_CODE = YES;
				CLANG_WARN__DUPLICATE_METHOD_MATCH = YES;
				CODE_SIGN_IDENTITY = "iPhone Developer";
				COPY_PHASE_STRIP = NO;
				CURRENT_PROJECT_VERSION = 1;
				DEBUG_INFORMATION_FORMAT = dwarf;
				ENABLE_STRICT_OBJC_MSGSEND = YES;
				ENABLE_TESTABILITY = YES;
				GCC_C_LANGUAGE_STANDARD = gnu11;
				GCC_DYNAMIC_NO_PIC = NO;
				GCC_NO_COMMON_BLOCKS = YES;
				GCC_OPTIMIZATION_LEVEL = 0;
				GCC_PREPROCESSOR_DEFINITIONS = (
					"DEBUG=1",
					"$(inherited)",
				);
				GCC_WARN_64_TO_32_BIT_CONVERSION = YES;
				GCC_WARN_ABOUT_RETURN_TYPE = YES_ERROR;
				GCC_WARN_UNDECLARED_SELECTOR = YES;
				GCC_WARN_UNINITIALIZED_AUTOS = YES_AGGRESSIVE;
				GCC_WARN_UNUSED_FUNCTION = YES;
				GCC_WARN_UNUSED_VARIABLE = YES;
				IPHONEOS_DEPLOYMENT_TARGET = 12.0;
				MTL_ENABLE_DEBUG_INFO = INCLUDE_SOURCE;
				MTL_FAST_MATH = YES;
				ONLY_ACTIVE_ARCH = YES;
				SDKROOT = iphoneos;
				SWIFT_ACTIVE_COMPILATION_CONDITIONS = DEBUG;
				SWIFT_OPTIMIZATION_LEVEL = "-Onone";
				VERSIONING_SYSTEM = "apple-generic";
				VERSION_INFO_PREFIX = "";
			};
			name = Debug;
		};
		7E11A2FA2152194B00F2AFDC /* Release */ = {
			isa = XCBuildConfiguration;
			buildSettings = {
				ALWAYS_SEARCH_USER_PATHS = NO;
				CLANG_ANALYZER_NONNULL = YES;
				CLANG_ANALYZER_NUMBER_OBJECT_CONVERSION = YES_AGGRESSIVE;
				CLANG_CXX_LANGUAGE_STANDARD = "gnu++14";
				CLANG_CXX_LIBRARY = "libc++";
				CLANG_ENABLE_MODULES = YES;
				CLANG_ENABLE_OBJC_ARC = YES;
				CLANG_ENABLE_OBJC_WEAK = YES;
				CLANG_WARN_BLOCK_CAPTURE_AUTORELEASING = YES;
				CLANG_WARN_BOOL_CONVERSION = YES;
				CLANG_WARN_COMMA = YES;
				CLANG_WARN_CONSTANT_CONVERSION = YES;
				CLANG_WARN_DEPRECATED_OBJC_IMPLEMENTATIONS = YES;
				CLANG_WARN_DIRECT_OBJC_ISA_USAGE = YES_ERROR;
				CLANG_WARN_DOCUMENTATION_COMMENTS = YES;
				CLANG_WARN_EMPTY_BODY = YES;
				CLANG_WARN_ENUM_CONVERSION = YES;
				CLANG_WARN_INFINITE_RECURSION = YES;
				CLANG_WARN_INT_CONVERSION = YES;
				CLANG_WARN_NON_LITERAL_NULL_CONVERSION = YES;
				CLANG_WARN_OBJC_IMPLICIT_RETAIN_SELF = YES;
				CLANG_WARN_OBJC_LITERAL_CONVERSION = YES;
				CLANG_WARN_OBJC_ROOT_CLASS = YES_ERROR;
				CLANG_WARN_RANGE_LOOP_ANALYSIS = YES;
				CLANG_WARN_STRICT_PROTOTYPES = YES;
				CLANG_WARN_SUSPICIOUS_MOVE = YES;
				CLANG_WARN_UNGUARDED_AVAILABILITY = YES_AGGRESSIVE;
				CLANG_WARN_UNREACHABLE_CODE = YES;
				CLANG_WARN__DUPLICATE_METHOD_MATCH = YES;
				CODE_SIGN_IDENTITY = "iPhone Developer";
				COPY_PHASE_STRIP = NO;
				CURRENT_PROJECT_VERSION = 1;
				DEBUG_INFORMATION_FORMAT = "dwarf-with-dsym";
				ENABLE_NS_ASSERTIONS = NO;
				ENABLE_STRICT_OBJC_MSGSEND = YES;
				GCC_C_LANGUAGE_STANDARD = gnu11;
				GCC_NO_COMMON_BLOCKS = YES;
				GCC_WARN_64_TO_32_BIT_CONVERSION = YES;
				GCC_WARN_ABOUT_RETURN_TYPE = YES_ERROR;
				GCC_WARN_UNDECLARED_SELECTOR = YES;
				GCC_WARN_UNINITIALIZED_AUTOS = YES_AGGRESSIVE;
				GCC_WARN_UNUSED_FUNCTION = YES;
				GCC_WARN_UNUSED_VARIABLE = YES;
				IPHONEOS_DEPLOYMENT_TARGET = 12.0;
				MTL_ENABLE_DEBUG_INFO = NO;
				MTL_FAST_MATH = YES;
				SDKROOT = iphoneos;
				SWIFT_COMPILATION_MODE = wholemodule;
				SWIFT_OPTIMIZATION_LEVEL = "-O";
				VALIDATE_PRODUCT = YES;
				VERSIONING_SYSTEM = "apple-generic";
				VERSION_INFO_PREFIX = "";
			};
			name = Release;
		};
		7E11A2FC2152194B00F2AFDC /* Debug */ = {
			isa = XCBuildConfiguration;
			buildSettings = {
				CLANG_ENABLE_MODULES = YES;
				CODE_SIGN_IDENTITY = "";
				CODE_SIGN_STYLE = Automatic;
				DEFINES_MODULE = YES;
				DEVELOPMENT_TEAM = GD658M2VWU;
				DYLIB_COMPATIBILITY_VERSION = 1;
				DYLIB_CURRENT_VERSION = 1;
				DYLIB_INSTALL_NAME_BASE = "@rpath";
				INFOPLIST_FILE = SwiftTheme/Info.plist;
				INSTALL_PATH = "$(LOCAL_LIBRARY_DIR)/Frameworks";
				LD_RUNPATH_SEARCH_PATHS = (
					"$(inherited)",
					"@executable_path/Frameworks",
					"@loader_path/Frameworks",
				);
				PRODUCT_BUNDLE_IDENTIFIER = com.sinyuk.SwiftTheme;
				PRODUCT_NAME = "$(TARGET_NAME:c99extidentifier)";
				SKIP_INSTALL = YES;
				SWIFT_OPTIMIZATION_LEVEL = "-Onone";
				SWIFT_VERSION = 4.2;
				TARGETED_DEVICE_FAMILY = "1,2";
			};
			name = Debug;
		};
		7E11A2FD2152194B00F2AFDC /* Release */ = {
			isa = XCBuildConfiguration;
			buildSettings = {
				CLANG_ENABLE_MODULES = YES;
				CODE_SIGN_IDENTITY = "";
				CODE_SIGN_STYLE = Automatic;
				DEFINES_MODULE = YES;
				DEVELOPMENT_TEAM = GD658M2VWU;
				DYLIB_COMPATIBILITY_VERSION = 1;
				DYLIB_CURRENT_VERSION = 1;
				DYLIB_INSTALL_NAME_BASE = "@rpath";
				INFOPLIST_FILE = SwiftTheme/Info.plist;
				INSTALL_PATH = "$(LOCAL_LIBRARY_DIR)/Frameworks";
				LD_RUNPATH_SEARCH_PATHS = (
					"$(inherited)",
					"@executable_path/Frameworks",
					"@loader_path/Frameworks",
				);
				PRODUCT_BUNDLE_IDENTIFIER = com.sinyuk.SwiftTheme;
				PRODUCT_NAME = "$(TARGET_NAME:c99extidentifier)";
				SKIP_INSTALL = YES;
				SWIFT_VERSION = 4.2;
				TARGETED_DEVICE_FAMILY = "1,2";
			};
			name = Release;
		};
/* End XCBuildConfiguration section */

/* Begin XCConfigurationList section */
		7E11A2ED2152194B00F2AFDC /* Build configuration list for PBXProject "SwiftTheme" */ = {
			isa = XCConfigurationList;
			buildConfigurations = (
				7E11A2F92152194B00F2AFDC /* Debug */,
				7E11A2FA2152194B00F2AFDC /* Release */,
			);
			defaultConfigurationIsVisible = 0;
			defaultConfigurationName = Release;
		};
		7E11A2FB2152194B00F2AFDC /* Build configuration list for PBXNativeTarget "SwiftTheme" */ = {
			isa = XCConfigurationList;
			buildConfigurations = (
				7E11A2FC2152194B00F2AFDC /* Debug */,
				7E11A2FD2152194B00F2AFDC /* Release */,
			);
			defaultConfigurationIsVisible = 0;
			defaultConfigurationName = Release;
		};
/* End XCConfigurationList section */
	};
	rootObject = 7E11A2EA2152194B00F2AFDC /* Project object */;
}
